
Microsoft Visual Studio Solution File, Format Version 11.00
# Visual Studio 2010
Project("{FAE04EC0-301F-11D3-BF4B-00C04F79EFBC}") = "Checker", "Checker\Checker.csproj", "{E48084D2-3CD4-4261-A60C-57DC10E4E32F}"
EndProject
Project("{FAE04EC0-301F-11D3-BF4B-00C04F79EFBC}") = "ModularAnalysis", "Analysis\ModularAnalysis.csproj", "{56F695FA-E3CB-4A52-969C-DDD50699BB2E}"
EndProject
Project("{FAE04EC0-301F-11D3-BF4B-00C04F79EFBC}") = "Utils", "Utils\Utils.csproj", "{2B711579-7195-4E5F-B5DB-031E5929117D}"
EndProject
Project("{FAE04EC0-301F-11D3-BF4B-00C04F79EFBC}") = "StatsGenerator", "StatsGenerator\StatsGenerator.csproj", "{049D1987-1A89-43C7-BC04-44308A634785}"
EndProject
Project("{FAE04EC0-301F-11D3-BF4B-00C04F79EFBC}") = "BasicTests", "Tests\BasicTests\BasicTests.csproj", "{4A55193B-260D-4E3F-954B-A789DCEC4F75}"
EndProject
Project("{FAE04EC0-301F-11D3-BF4B-00C04F79EFBC}") = "LibTests", "Tests\LibTests\LibTests.csproj", "{1FDC5268-CD2A-469B-9E8A-B23DA34D5E7B}"
EndProject
Project("{2150E333-8FDC-42A3-9474-1A3956D46DE8}") = "Core", "Core", "{2322E23E-21A8-422C-9805-F8934F8FBAAF}"
EndProject
Project("{2150E333-8FDC-42A3-9474-1A3956D46DE8}") = "Tests", "Tests", "{96074434-431F-4158-9BD3-1C1EAABC2883}"
EndProject
Project("{2150E333-8FDC-42A3-9474-1A3956D46DE8}") = "Stats", "Stats", "{9F79754B-2FE5-433F-B515-1575156B171E}"
EndProject
Project("{2150E333-8FDC-42A3-9474-1A3956D46DE8}") = "Stubs", "Stubs", "{C6B25CDB-331B-4E79-B123-2FA2BE550DAF}"
EndProject
Project("{FAE04EC0-301F-11D3-BF4B-00C04F79EFBC}") = "BasicStubs", "Stubs\BasicStubs\BasicStubs.csproj", "{66AE8442-DEE6-44ED-AD5F-9DAF48AEBAD0}"
EndProject
Project("{FAE04EC0-301F-11D3-BF4B-00C04F79EFBC}") = "ScopeStubs", "Stubs\ScopeStubs\ScopeStubs.csproj", "{B7144C12-CB1E-4AB3-850A-CF0D014188BE}"
EndProject
Project("{FAE04EC0-301F-11D3-BF4B-00C04F79EFBC}") = "HeapGraph", "TransformerGraphs\HeapGraph.csproj", "{679A37A4-F974-4675-9DCF-39F797B760F2}"
EndProject
Project("{2150E333-8FDC-42A3-9474-1A3956D46DE8}") = "TestPrograms", "TestPrograms", "{DB38363E-38C8-4658-8CE3-8E9FFF1B11D5}"
EndProject
Project("{FAE04EC0-301F-11D3-BF4B-00C04F79EFBC}") = "GraphLibrary", "Tests\TestPrograms\GraphLibrary\GraphLibrary.csproj", "{EC31641F-63AB-41CC-9127-6D7AF2086A16}"
EndProject
Project("{FAE04EC0-301F-11D3-BF4B-00C04F79EFBC}") = "IteratorPurityTest", "Tests\TestPrograms\IteratorPurityTest\IteratorPurityTest.csproj", "{EF030E29-33C5-4BBE-BB8B-0875103DAF21}"
EndProject
Project("{FAE04EC0-301F-11D3-BF4B-00C04F79EFBC}") = "LinkedList", "Tests\TestPrograms\LinkedList\LinkedList.csproj", "{613E69C9-28C6-48BE-93B3-B467347B7641}"
EndProject
Project("{FAE04EC0-301F-11D3-BF4B-00C04F79EFBC}") = "LinqTest", "Tests\TestPrograms\LinqTest\LinqTest.csproj", "{E674CDD2-E5E3-468F-B560-A590606706B1}"
EndProject
Project("{FAE04EC0-301F-11D3-BF4B-00C04F79EFBC}") = "LinqTest2", "Tests\TestPrograms\LinqTest2\LinqTest2.csproj", "{3FEADFD5-A8B8-4276-9393-2050337B9A27}"
EndProject
Project("{FAE04EC0-301F-11D3-BF4B-00C04F79EFBC}") = "LinqTest3", "Tests\TestPrograms\LinqTest3\LinqTest3.csproj", "{527364C6-9C35-42DC-8D13-7A882B02111D}"
EndProject
Project("{FAE04EC0-301F-11D3-BF4B-00C04F79EFBC}") = "LinqTest4", "Tests\TestPrograms\LinqTest4\LinqTest4.csproj", "{C6A0745B-62F2-48DB-9ED3-C3A253BBD949}"
EndProject
Project("{FAE04EC0-301F-11D3-BF4B-00C04F79EFBC}") = "LinqTest5", "Tests\TestPrograms\LinqTest5\LinqTest5.csproj", "{E3C0D688-F8C9-4F3F-98A6-C54E289044FB}"
EndProject
Project("{FAE04EC0-301F-11D3-BF4B-00C04F79EFBC}") = "LinqTest6", "Tests\TestPrograms\LinqTest6\LinqTest6.csproj", "{EC3317E0-6A68-4E79-B484-84794ACFDEDD}"
EndProject
Project("{FAE04EC0-301F-11D3-BF4B-00C04F79EFBC}") = "LinqTest7", "Tests\TestPrograms\LinqTest7\LinqTest7.csproj", "{0856F307-D9A3-4E93-B78D-D4E78E399DC1}"
EndProject
Project("{FAE04EC0-301F-11D3-BF4B-00C04F79EFBC}") = "LinqTest8", "Tests\TestPrograms\LinqTest8\LinqTest8.csproj", "{3F672F59-B08F-490F-945B-3A651425F481}"
EndProject
Project("{FAE04EC0-301F-11D3-BF4B-00C04F79EFBC}") = "TestOrderBy", "Tests\TestPrograms\OrderByTest\TestOrderBy.csproj", "{67ADE1BF-0028-497B-A396-327012113B24}"
EndProject
Project("{FAE04EC0-301F-11D3-BF4B-00C04F79EFBC}") = "StaticCollections", "Tests\TestPrograms\StaticCollections\StaticCollections.csproj", "{B7FB703A-6BB2-4CF4-B819-B0F72F5DBE56}"
EndProject
Project("{FAE04EC0-301F-11D3-BF4B-00C04F79EFBC}") = "TestAliasingRule", "Tests\TestPrograms\TestAliasingRule\TestAliasingRule.csproj", "{11151ABF-A9F7-4A0B-BFDF-396A5EA52A6C}"
EndProject
Project("{FAE04EC0-301F-11D3-BF4B-00C04F79EFBC}") = "TestArrayHandling", "Tests\TestPrograms\TestArrayHandling\TestArrayHandling.csproj", "{269EA20D-B435-4D57-B98D-BF52D81EED87}"
EndProject
Project("{FAE04EC0-301F-11D3-BF4B-00C04F79EFBC}") = "TestCallBackResolution", "Tests\TestPrograms\TestCallBackResolution\TestCallBackResolution.csproj", "{110457BD-47F9-4650-99A4-8E0F543089A7}"
EndProject
Project("{FAE04EC0-301F-11D3-BF4B-00C04F79EFBC}") = "TestCallGraph", "Tests\TestPrograms\TestCallGraph\TestCallGraph.csproj", "{C3E27878-2C34-430A-A090-F6FA5FD7A4B2}"
EndProject
Project("{FAE04EC0-301F-11D3-BF4B-00C04F79EFBC}") = "TestCallGraphWithGenerics", "Tests\TestPrograms\TestCallGraphWithGenerics\TestCallGraphWithGenerics.csproj", "{589D78E4-3F28-4868-8C44-8667DD0A5DCA}"
EndProject
Project("{FAE04EC0-301F-11D3-BF4B-00C04F79EFBC}") = "TestCH", "Tests\TestPrograms\TestCH\TestCH.csproj", "{FD717F1E-7FB4-43F9-9E93-45B07C546C55}"
EndProject
Project("{FAE04EC0-301F-11D3-BF4B-00C04F79EFBC}") = "TestComposition", "Tests\TestPrograms\TestComposition\TestComposition.csproj", "{2F402241-31FE-4112-83A5-8C11E608F175}"
EndProject
Project("{FAE04EC0-301F-11D3-BF4B-00C04F79EFBC}") = "TestDictionary", "Tests\TestPrograms\TestDictionary\TestDictionary.csproj", "{35C9231A-80AD-4FA8-B4B1-F4A7BAF76047}"
EndProject
Project("{FAE04EC0-301F-11D3-BF4B-00C04F79EFBC}") = "TestDictionaryEnumerator", "Tests\TestPrograms\TestDictionaryEnumerator\TestDictionaryEnumerator.csproj", "{3D24D757-B14A-4475-88B6-52AD5517B4E3}"
EndProject
Project("{FAE04EC0-301F-11D3-BF4B-00C04F79EFBC}") = "TestEnumCBResolution", "Tests\TestPrograms\TestEnumCBResolution\TestEnumCBResolution.csproj", "{D31CB576-02D6-4E7E-8FF1-B1DAB94C31D2}"
EndProject
Project("{FAE04EC0-301F-11D3-BF4B-00C04F79EFBC}") = "TestEscapingNodes", "Tests\TestPrograms\TestEscapingNodes\TestEscapingNodes.csproj", "{AC672F96-1C74-422A-B19A-276C7681F9E9}"
EndProject
Project("{FAE04EC0-301F-11D3-BF4B-00C04F79EFBC}") = "TestExceptions", "Tests\TestPrograms\TestExceptions\TestExceptions.csproj", "{A76578F2-BEC2-43F9-B228-E7A1A569424B}"
EndProject
Project("{FAE04EC0-301F-11D3-BF4B-00C04F79EFBC}") = "TestFixPoint", "Tests\TestPrograms\TestFixPoint\TestFixPoint.csproj", "{B6B095C2-B828-410D-B063-3B982AE554DC}"
EndProject
Project("{FAE04EC0-301F-11D3-BF4B-00C04F79EFBC}") = "TestGenericMethods", "Tests\TestPrograms\TestGenericMethods\TestGenericMethods.csproj", "{72A914E6-4126-412F-96C6-6F3A1EC86829}"
EndProject
Project("{FAE04EC0-301F-11D3-BF4B-00C04F79EFBC}") = "TestGenerics", "Tests\TestPrograms\TestGenerics2\TestGenerics.csproj", "{E77337C0-A774-4F25-91F8-AB2050D63B18}"
EndProject
Project("{FAE04EC0-301F-11D3-BF4B-00C04F79EFBC}") = "TestGroupBy", "Tests\TestPrograms\TestGroupBy\TestGroupBy.csproj", "{C05A1B8E-8603-4AEF-98B7-BA6CBBDC176F}"
EndProject
Project("{FAE04EC0-301F-11D3-BF4B-00C04F79EFBC}") = "TestHashSetEnumerator", "Tests\TestPrograms\TestHashSetEnumerator\TestHashSetEnumerator.csproj", "{DD2601EA-EA45-4EFC-9CE9-4EF283FD3A54}"
EndProject
Project("{FAE04EC0-301F-11D3-BF4B-00C04F79EFBC}") = "TestHeapCloning", "Tests\TestPrograms\TestHeapCloning\TestHeapCloning.csproj", "{4C8757D2-B436-44C7-95D9-7D2ECFEB0378}"
EndProject
Project("{FAE04EC0-301F-11D3-BF4B-00C04F79EFBC}") = "TestLibIEnumerables", "Tests\TestPrograms\TestIEumerables\TestLibIEnumerables.csproj", "{64687642-9192-42F2-833F-44082EAB6601}"
EndProject
Project("{FAE04EC0-301F-11D3-BF4B-00C04F79EFBC}") = "TestInstanceDelegates", "Tests\TestPrograms\TestInstanceDelegates\TestInstanceDelegates.csproj", "{97659CA2-8A19-4673-82BF-14B3112EE599}"
EndProject
Project("{FAE04EC0-301F-11D3-BF4B-00C04F79EFBC}") = "TestInterfaces", "Tests\TestPrograms\TestInterfaces\TestInterfaces.csproj", "{5DAE4611-9520-41BE-9BAD-3E136AA84581}"
EndProject
Project("{FAE04EC0-301F-11D3-BF4B-00C04F79EFBC}") = "TestIntraProceduralVirtualCalls", "Tests\TestPrograms\TestIntraProceduralVirtualCalls\TestIntraProceduralVirtualCalls.csproj", "{ED0CF34F-0D8B-44D2-9554-EA495FD3C806}"
EndProject
Project("{FAE04EC0-301F-11D3-BF4B-00C04F79EFBC}") = "TestJoin", "Tests\TestPrograms\TestJoin\TestJoin.csproj", "{675897FC-D095-4600-8646-809E546BF677}"
EndProject
Project("{FAE04EC0-301F-11D3-BF4B-00C04F79EFBC}") = "TestKnownMethodCalls", "Tests\TestPrograms\TestKnownMethodCalls\TestKnownMethodCalls.csproj", "{EA796AB5-C6B7-43FC-9340-DEB68E82830E}"
EndProject
Project("{FAE04EC0-301F-11D3-BF4B-00C04F79EFBC}") = "TestLinqWithGenerics", "Tests\TestPrograms\TestLinqWithGenerics\TestLinqWithGenerics.csproj", "{3FF90859-65DF-4F30-B1A3-B712B861B6F8}"
EndProject
Project("{FAE04EC0-301F-11D3-BF4B-00C04F79EFBC}") = "TestListEnumerator", "Tests\TestPrograms\TestListEnumerator\TestListEnumerator.csproj", "{DDBEC72C-80A3-481F-BDD7-0F20BF5FE8AF}"
EndProject
Project("{FAE04EC0-301F-11D3-BF4B-00C04F79EFBC}") = "TestLoadNodeMerge", "Tests\TestPrograms\TestLoadNodeMerge\TestLoadNodeMerge.csproj", "{6EAEC62C-8FE0-4C42-8E5F-9A6ACB86A0EB}"
EndProject
Project("{FAE04EC0-301F-11D3-BF4B-00C04F79EFBC}") = "TestMscorlibCalls", "Tests\TestPrograms\TestMscorlibCalls\TestMscorlibCalls.csproj", "{31D63FDA-D908-4089-8D45-5A048F78FB90}"
EndProject
Project("{FAE04EC0-301F-11D3-BF4B-00C04F79EFBC}") = "TestNestedLinq", "Tests\TestPrograms\TestNestedLinq\TestNestedLinq.csproj", "{44179E99-FC3E-4799-BE9F-7638B7EC4945}"
EndProject
Project("{FAE04EC0-301F-11D3-BF4B-00C04F79EFBC}") = "TestNodeMerging", "Tests\TestPrograms\TestNodeMerging\TestNodeMerging.csproj", "{CF8B63E0-7E23-44F4-89CE-1DF98D41A90A}"
EndProject
Project("{FAE04EC0-301F-11D3-BF4B-00C04F79EFBC}") = "TestOptionalArgs", "Tests\TestPrograms\TestOptionalArgs\TestOptionalArgs.csproj", "{A89E2DBB-0FCA-4C09-837C-1E02A0B8095E}"
EndProject
Project("{FAE04EC0-301F-11D3-BF4B-00C04F79EFBC}") = "TestOutParams", "Tests\TestPrograms\TestOutParams\TestOutParams.csproj", "{9F5A74E6-8F0A-4A60-BF28-3938ABCBD1DB}"
EndProject
Project("{FAE04EC0-301F-11D3-BF4B-00C04F79EFBC}") = "TestParameterUpdate", "Tests\TestPrograms\TestParameterUpdate\TestParameterUpdate.csproj", "{9F8E6323-9ACC-45A5-9744-1DB9469EC3AD}"
EndProject
Project("{FAE04EC0-301F-11D3-BF4B-00C04F79EFBC}") = "TestPointerReturn", "Tests\TestPrograms\TestPointerReturn\TestPointerReturn.csproj", "{5363C168-4AEC-47CC-94D5-FDB2883DBD54}"
EndProject
Project("{FAE04EC0-301F-11D3-BF4B-00C04F79EFBC}") = "TestRecursiveCall", "Tests\TestPrograms\TestRecursiveCall\TestRecursiveCall.csproj", "{803F2C3B-487F-4CD4-ABF7-29956F155874}"
EndProject
Project("{FAE04EC0-301F-11D3-BF4B-00C04F79EFBC}") = "TestRecursiveCall2", "Tests\TestPrograms\TestRecursiveCall2\TestRecursiveCall2.csproj", "{E678C9CB-3C7B-4ECC-A15C-9A71A88264AA}"
EndProject
Project("{FAE04EC0-301F-11D3-BF4B-00C04F79EFBC}") = "TestSccs", "Tests\TestPrograms\TestSccs\TestSccs.csproj", "{D0C8BFA9-779D-408D-BEC9-D69B4E30DDCE}"
EndProject
Project("{FAE04EC0-301F-11D3-BF4B-00C04F79EFBC}") = "TestSkippedCallsMerging", "Tests\TestPrograms\TestSkippedCallsMerging\TestSkippedCallsMerging.csproj", "{F1AE82B6-758D-44FD-933F-30D499064ADD}"
EndProject
Project("{FAE04EC0-301F-11D3-BF4B-00C04F79EFBC}") = "TestsLibraryCalls", "Tests\TestPrograms\TestsLibraryCalls\TestsLibraryCalls.csproj", "{125D0038-16AA-4B12-B47A-6DB1CE9AF2CF}"
EndProject
Project("{FAE04EC0-301F-11D3-BF4B-00C04F79EFBC}") = "TestStaticRecursiveCall", "Tests\TestPrograms\TestStaticRecursiveCall\TestStaticRecursiveCall.csproj", "{71924749-D1B4-4028-A875-70C54E089D6B}"
EndProject
Project("{FAE04EC0-301F-11D3-BF4B-00C04F79EFBC}") = "TestStaticUpdate", "Tests\TestPrograms\TestStaticUpdate\TestStaticUpdate.csproj", "{78B5A8D6-D022-4C7E-8D0C-A6D4A9F5BC1D}"
EndProject
Project("{FAE04EC0-301F-11D3-BF4B-00C04F79EFBC}") = "TestStructs", "Tests\TestPrograms\TestStructs\TestStructs.csproj", "{45C7BADD-309E-4DC2-A199-78170EC95873}"
EndProject
Project("{FAE04EC0-301F-11D3-BF4B-00C04F79EFBC}") = "TestSystemCoreCalls", "Tests\TestPrograms\TestSystemCoreCalls\TestSystemCoreCalls.csproj", "{1EB68391-2B88-41EB-8C9C-10DAF3182860}"
EndProject
Project("{FAE04EC0-301F-11D3-BF4B-00C04F79EFBC}") = "TestSystemLibCalls", "Tests\TestPrograms\TestSystemLibCalls\TestSystemLibCalls.csproj", "{C14C3C57-FB5D-439D-A702-98D3F8D6DB72}"
EndProject
Project("{FAE04EC0-301F-11D3-BF4B-00C04F79EFBC}") = "TestUnanalyzableCall", "Tests\TestPrograms\TestUnanalyzableCall\TestUnanalyzableCall.csproj", "{C7B2A607-63C5-4DD7-B690-8D3DB75AE797}"
EndProject
Project("{FAE04EC0-301F-11D3-BF4B-00C04F79EFBC}") = "TestUnknownCalls", "Tests\TestPrograms\TestUnknownCalls\TestUnknownCalls.csproj", "{FA002440-8C0F-499F-9360-A25210DBB8CC}"
EndProject
Project("{FAE04EC0-301F-11D3-BF4B-00C04F79EFBC}") = "TestVariableParameters", "Tests\TestPrograms\TestVariableParameters\TestVariableParameters.csproj", "{23B356DE-EA93-4D75-9337-A59C6943DF74}"
EndProject
Project("{FAE04EC0-301F-11D3-BF4B-00C04F79EFBC}") = "TestVirtualDelegates", "Tests\TestPrograms\TestVirtualDelegates\TestVirtualDelegates.csproj", "{ED171AE6-AF77-4B19-9D05-EB0D7F03A03C}"
EndProject
Project("{FAE04EC0-301F-11D3-BF4B-00C04F79EFBC}") = "TestVirtualMethodCall", "Tests\TestPrograms\TestVirtualMethod\TestVirtualMethodCall.csproj", "{96F8A1B9-75A2-45F5-B8D8-8F1A3CED5CA2}"
EndProject
Project("{FAE04EC0-301F-11D3-BF4B-00C04F79EFBC}") = "TestDelegates", "Tests\TestPrograms\TestDelegates\TestDelegates.csproj", "{C3AD7F30-E604-4B0F-A6F3-983254908EA7}"
EndProject
Project("{FAE04EC0-301F-11D3-BF4B-00C04F79EFBC}") = "StubTests", "Tests\TestPrograms\StubTests\StubTests.csproj", "{A79AA3DF-D57A-4BDC-80CD-45FA24977492}"
EndProject
Project("{FAE04EC0-301F-11D3-BF4B-00C04F79EFBC}") = "TestGenerator", "Tests\TestGenerator\TestGenerator.csproj", "{A0D90D66-BAF1-4046-9385-FBF8B0D1F0E9}"
EndProject
Global
	GlobalSection(SolutionConfigurationPlatforms) = preSolution
		Debug|Any CPU = Debug|Any CPU
		Debug|Mixed Platforms = Debug|Mixed Platforms
		Debug|x86 = Debug|x86
		Release|Any CPU = Release|Any CPU
		Release|Mixed Platforms = Release|Mixed Platforms
		Release|x86 = Release|x86
	EndGlobalSection
	GlobalSection(ProjectConfigurationPlatforms) = postSolution
		{E48084D2-3CD4-4261-A60C-57DC10E4E32F}.Debug|Any CPU.ActiveCfg = Debug|Any CPU
		{E48084D2-3CD4-4261-A60C-57DC10E4E32F}.Debug|Any CPU.Build.0 = Debug|Any CPU
		{E48084D2-3CD4-4261-A60C-57DC10E4E32F}.Debug|Mixed Platforms.ActiveCfg = Debug|Any CPU
		{E48084D2-3CD4-4261-A60C-57DC10E4E32F}.Debug|Mixed Platforms.Build.0 = Debug|Any CPU
		{E48084D2-3CD4-4261-A60C-57DC10E4E32F}.Debug|x86.ActiveCfg = Debug|Any CPU
		{E48084D2-3CD4-4261-A60C-57DC10E4E32F}.Release|Any CPU.ActiveCfg = Release|Any CPU
		{E48084D2-3CD4-4261-A60C-57DC10E4E32F}.Release|Any CPU.Build.0 = Release|Any CPU
		{E48084D2-3CD4-4261-A60C-57DC10E4E32F}.Release|Mixed Platforms.ActiveCfg = Release|Any CPU
		{E48084D2-3CD4-4261-A60C-57DC10E4E32F}.Release|Mixed Platforms.Build.0 = Release|Any CPU
		{E48084D2-3CD4-4261-A60C-57DC10E4E32F}.Release|x86.ActiveCfg = Release|Any CPU
		{56F695FA-E3CB-4A52-969C-DDD50699BB2E}.Debug|Any CPU.ActiveCfg = Debug|Any CPU
		{56F695FA-E3CB-4A52-969C-DDD50699BB2E}.Debug|Any CPU.Build.0 = Debug|Any CPU
		{56F695FA-E3CB-4A52-969C-DDD50699BB2E}.Debug|Mixed Platforms.ActiveCfg = Debug|Any CPU
		{56F695FA-E3CB-4A52-969C-DDD50699BB2E}.Debug|Mixed Platforms.Build.0 = Debug|Any CPU
		{56F695FA-E3CB-4A52-969C-DDD50699BB2E}.Debug|x86.ActiveCfg = Debug|Any CPU
		{56F695FA-E3CB-4A52-969C-DDD50699BB2E}.Release|Any CPU.ActiveCfg = Release|Any CPU
		{56F695FA-E3CB-4A52-969C-DDD50699BB2E}.Release|Any CPU.Build.0 = Release|Any CPU
		{56F695FA-E3CB-4A52-969C-DDD50699BB2E}.Release|Mixed Platforms.ActiveCfg = Release|Any CPU
		{56F695FA-E3CB-4A52-969C-DDD50699BB2E}.Release|Mixed Platforms.Build.0 = Release|Any CPU
		{56F695FA-E3CB-4A52-969C-DDD50699BB2E}.Release|x86.ActiveCfg = Release|Any CPU
		{2B711579-7195-4E5F-B5DB-031E5929117D}.Debug|Any CPU.ActiveCfg = Debug|Any CPU
		{2B711579-7195-4E5F-B5DB-031E5929117D}.Debug|Any CPU.Build.0 = Debug|Any CPU
		{2B711579-7195-4E5F-B5DB-031E5929117D}.Debug|Mixed Platforms.ActiveCfg = Debug|Any CPU
		{2B711579-7195-4E5F-B5DB-031E5929117D}.Debug|Mixed Platforms.Build.0 = Debug|Any CPU
		{2B711579-7195-4E5F-B5DB-031E5929117D}.Debug|x86.ActiveCfg = Debug|Any CPU
		{2B711579-7195-4E5F-B5DB-031E5929117D}.Release|Any CPU.ActiveCfg = Release|Any CPU
		{2B711579-7195-4E5F-B5DB-031E5929117D}.Release|Any CPU.Build.0 = Release|Any CPU
		{2B711579-7195-4E5F-B5DB-031E5929117D}.Release|Mixed Platforms.ActiveCfg = Release|Any CPU
		{2B711579-7195-4E5F-B5DB-031E5929117D}.Release|Mixed Platforms.Build.0 = Release|Any CPU
		{2B711579-7195-4E5F-B5DB-031E5929117D}.Release|x86.ActiveCfg = Release|Any CPU
		{049D1987-1A89-43C7-BC04-44308A634785}.Debug|Any CPU.ActiveCfg = Debug|Any CPU
		{049D1987-1A89-43C7-BC04-44308A634785}.Debug|Any CPU.Build.0 = Debug|Any CPU
		{049D1987-1A89-43C7-BC04-44308A634785}.Debug|Mixed Platforms.ActiveCfg = Debug|Any CPU
		{049D1987-1A89-43C7-BC04-44308A634785}.Debug|Mixed Platforms.Build.0 = Debug|Any CPU
		{049D1987-1A89-43C7-BC04-44308A634785}.Debug|x86.ActiveCfg = Debug|Any CPU
		{049D1987-1A89-43C7-BC04-44308A634785}.Release|Any CPU.ActiveCfg = Release|Any CPU
		{049D1987-1A89-43C7-BC04-44308A634785}.Release|Any CPU.Build.0 = Release|Any CPU
		{049D1987-1A89-43C7-BC04-44308A634785}.Release|Mixed Platforms.ActiveCfg = Release|Any CPU
		{049D1987-1A89-43C7-BC04-44308A634785}.Release|Mixed Platforms.Build.0 = Release|Any CPU
		{049D1987-1A89-43C7-BC04-44308A634785}.Release|x86.ActiveCfg = Release|Any CPU
		{4A55193B-260D-4E3F-954B-A789DCEC4F75}.Debug|Any CPU.ActiveCfg = Debug|Any CPU
		{4A55193B-260D-4E3F-954B-A789DCEC4F75}.Debug|Any CPU.Build.0 = Debug|Any CPU
		{4A55193B-260D-4E3F-954B-A789DCEC4F75}.Debug|Mixed Platforms.ActiveCfg = Debug|Any CPU
		{4A55193B-260D-4E3F-954B-A789DCEC4F75}.Debug|Mixed Platforms.Build.0 = Debug|Any CPU
		{4A55193B-260D-4E3F-954B-A789DCEC4F75}.Debug|x86.ActiveCfg = Debug|Any CPU
		{4A55193B-260D-4E3F-954B-A789DCEC4F75}.Release|Any CPU.ActiveCfg = Release|Any CPU
		{4A55193B-260D-4E3F-954B-A789DCEC4F75}.Release|Any CPU.Build.0 = Release|Any CPU
		{4A55193B-260D-4E3F-954B-A789DCEC4F75}.Release|Mixed Platforms.ActiveCfg = Release|Any CPU
		{4A55193B-260D-4E3F-954B-A789DCEC4F75}.Release|Mixed Platforms.Build.0 = Release|Any CPU
		{4A55193B-260D-4E3F-954B-A789DCEC4F75}.Release|x86.ActiveCfg = Release|Any CPU
		{1FDC5268-CD2A-469B-9E8A-B23DA34D5E7B}.Debug|Any CPU.ActiveCfg = Debug|Any CPU
		{1FDC5268-CD2A-469B-9E8A-B23DA34D5E7B}.Debug|Any CPU.Build.0 = Debug|Any CPU
		{1FDC5268-CD2A-469B-9E8A-B23DA34D5E7B}.Debug|Mixed Platforms.ActiveCfg = Debug|Any CPU
		{1FDC5268-CD2A-469B-9E8A-B23DA34D5E7B}.Debug|Mixed Platforms.Build.0 = Debug|Any CPU
		{1FDC5268-CD2A-469B-9E8A-B23DA34D5E7B}.Debug|x86.ActiveCfg = Debug|Any CPU
		{1FDC5268-CD2A-469B-9E8A-B23DA34D5E7B}.Release|Any CPU.ActiveCfg = Release|Any CPU
		{1FDC5268-CD2A-469B-9E8A-B23DA34D5E7B}.Release|Any CPU.Build.0 = Release|Any CPU
		{1FDC5268-CD2A-469B-9E8A-B23DA34D5E7B}.Release|Mixed Platforms.ActiveCfg = Release|Any CPU
		{1FDC5268-CD2A-469B-9E8A-B23DA34D5E7B}.Release|Mixed Platforms.Build.0 = Release|Any CPU
		{1FDC5268-CD2A-469B-9E8A-B23DA34D5E7B}.Release|x86.ActiveCfg = Release|Any CPU
		{66AE8442-DEE6-44ED-AD5F-9DAF48AEBAD0}.Debug|Any CPU.ActiveCfg = Debug|Any CPU
		{66AE8442-DEE6-44ED-AD5F-9DAF48AEBAD0}.Debug|Any CPU.Build.0 = Debug|Any CPU
		{66AE8442-DEE6-44ED-AD5F-9DAF48AEBAD0}.Debug|Mixed Platforms.ActiveCfg = Debug|Any CPU
		{66AE8442-DEE6-44ED-AD5F-9DAF48AEBAD0}.Debug|Mixed Platforms.Build.0 = Debug|Any CPU
		{66AE8442-DEE6-44ED-AD5F-9DAF48AEBAD0}.Debug|x86.ActiveCfg = Debug|Any CPU
		{66AE8442-DEE6-44ED-AD5F-9DAF48AEBAD0}.Release|Any CPU.ActiveCfg = Release|Any CPU
		{66AE8442-DEE6-44ED-AD5F-9DAF48AEBAD0}.Release|Any CPU.Build.0 = Release|Any CPU
		{66AE8442-DEE6-44ED-AD5F-9DAF48AEBAD0}.Release|Mixed Platforms.ActiveCfg = Release|Any CPU
		{66AE8442-DEE6-44ED-AD5F-9DAF48AEBAD0}.Release|Mixed Platforms.Build.0 = Release|Any CPU
		{66AE8442-DEE6-44ED-AD5F-9DAF48AEBAD0}.Release|x86.ActiveCfg = Release|Any CPU
		{B7144C12-CB1E-4AB3-850A-CF0D014188BE}.Debug|Any CPU.ActiveCfg = Debug|Any CPU
		{B7144C12-CB1E-4AB3-850A-CF0D014188BE}.Debug|Any CPU.Build.0 = Debug|Any CPU
		{B7144C12-CB1E-4AB3-850A-CF0D014188BE}.Debug|Mixed Platforms.ActiveCfg = Debug|Any CPU
		{B7144C12-CB1E-4AB3-850A-CF0D014188BE}.Debug|x86.ActiveCfg = Debug|Any CPU
		{B7144C12-CB1E-4AB3-850A-CF0D014188BE}.Release|Any CPU.ActiveCfg = Release|Any CPU
		{B7144C12-CB1E-4AB3-850A-CF0D014188BE}.Release|Any CPU.Build.0 = Release|Any CPU
		{B7144C12-CB1E-4AB3-850A-CF0D014188BE}.Release|Mixed Platforms.ActiveCfg = Release|Any CPU
		{B7144C12-CB1E-4AB3-850A-CF0D014188BE}.Release|x86.ActiveCfg = Release|Any CPU
		{679A37A4-F974-4675-9DCF-39F797B760F2}.Debug|Any CPU.ActiveCfg = Debug|Any CPU
		{679A37A4-F974-4675-9DCF-39F797B760F2}.Debug|Any CPU.Build.0 = Debug|Any CPU
		{679A37A4-F974-4675-9DCF-39F797B760F2}.Debug|Mixed Platforms.ActiveCfg = Debug|Any CPU
		{679A37A4-F974-4675-9DCF-39F797B760F2}.Debug|Mixed Platforms.Build.0 = Debug|Any CPU
		{679A37A4-F974-4675-9DCF-39F797B760F2}.Debug|x86.ActiveCfg = Debug|Any CPU
		{679A37A4-F974-4675-9DCF-39F797B760F2}.Release|Any CPU.ActiveCfg = Release|Any CPU
		{679A37A4-F974-4675-9DCF-39F797B760F2}.Release|Any CPU.Build.0 = Release|Any CPU
		{679A37A4-F974-4675-9DCF-39F797B760F2}.Release|Mixed Platforms.ActiveCfg = Release|Any CPU
		{679A37A4-F974-4675-9DCF-39F797B760F2}.Release|Mixed Platforms.Build.0 = Release|Any CPU
		{679A37A4-F974-4675-9DCF-39F797B760F2}.Release|x86.ActiveCfg = Release|Any CPU
		{EC31641F-63AB-41CC-9127-6D7AF2086A16}.Debug|Any CPU.ActiveCfg = Debug|x86
		{EC31641F-63AB-41CC-9127-6D7AF2086A16}.Debug|Mixed Platforms.ActiveCfg = Debug|x86
		{EC31641F-63AB-41CC-9127-6D7AF2086A16}.Debug|Mixed Platforms.Build.0 = Debug|x86
		{EC31641F-63AB-41CC-9127-6D7AF2086A16}.Debug|x86.ActiveCfg = Debug|x86
		{EC31641F-63AB-41CC-9127-6D7AF2086A16}.Debug|x86.Build.0 = Debug|x86
		{EC31641F-63AB-41CC-9127-6D7AF2086A16}.Release|Any CPU.ActiveCfg = Release|x86
		{EC31641F-63AB-41CC-9127-6D7AF2086A16}.Release|Mixed Platforms.ActiveCfg = Release|x86
		{EC31641F-63AB-41CC-9127-6D7AF2086A16}.Release|Mixed Platforms.Build.0 = Release|x86
		{EC31641F-63AB-41CC-9127-6D7AF2086A16}.Release|x86.ActiveCfg = Release|x86
		{EC31641F-63AB-41CC-9127-6D7AF2086A16}.Release|x86.Build.0 = Release|x86
		{EF030E29-33C5-4BBE-BB8B-0875103DAF21}.Debug|Any CPU.ActiveCfg = Debug|Any CPU
		{EF030E29-33C5-4BBE-BB8B-0875103DAF21}.Debug|Any CPU.Build.0 = Debug|Any CPU
		{EF030E29-33C5-4BBE-BB8B-0875103DAF21}.Debug|Mixed Platforms.ActiveCfg = Debug|Any CPU
		{EF030E29-33C5-4BBE-BB8B-0875103DAF21}.Debug|Mixed Platforms.Build.0 = Debug|Any CPU
		{EF030E29-33C5-4BBE-BB8B-0875103DAF21}.Debug|x86.ActiveCfg = Debug|Any CPU
		{EF030E29-33C5-4BBE-BB8B-0875103DAF21}.Release|Any CPU.ActiveCfg = Release|Any CPU
		{EF030E29-33C5-4BBE-BB8B-0875103DAF21}.Release|Any CPU.Build.0 = Release|Any CPU
		{EF030E29-33C5-4BBE-BB8B-0875103DAF21}.Release|Mixed Platforms.ActiveCfg = Release|Any CPU
		{EF030E29-33C5-4BBE-BB8B-0875103DAF21}.Release|Mixed Platforms.Build.0 = Release|Any CPU
		{EF030E29-33C5-4BBE-BB8B-0875103DAF21}.Release|x86.ActiveCfg = Release|Any CPU
		{613E69C9-28C6-48BE-93B3-B467347B7641}.Debug|Any CPU.ActiveCfg = Debug|Any CPU
		{613E69C9-28C6-48BE-93B3-B467347B7641}.Debug|Any CPU.Build.0 = Debug|Any CPU
		{613E69C9-28C6-48BE-93B3-B467347B7641}.Debug|Mixed Platforms.ActiveCfg = Debug|Any CPU
		{613E69C9-28C6-48BE-93B3-B467347B7641}.Debug|Mixed Platforms.Build.0 = Debug|Any CPU
		{613E69C9-28C6-48BE-93B3-B467347B7641}.Debug|x86.ActiveCfg = Debug|Any CPU
		{613E69C9-28C6-48BE-93B3-B467347B7641}.Release|Any CPU.ActiveCfg = Release|Any CPU
		{613E69C9-28C6-48BE-93B3-B467347B7641}.Release|Any CPU.Build.0 = Release|Any CPU
		{613E69C9-28C6-48BE-93B3-B467347B7641}.Release|Mixed Platforms.ActiveCfg = Release|Any CPU
		{613E69C9-28C6-48BE-93B3-B467347B7641}.Release|Mixed Platforms.Build.0 = Release|Any CPU
		{613E69C9-28C6-48BE-93B3-B467347B7641}.Release|x86.ActiveCfg = Release|Any CPU
		{E674CDD2-E5E3-468F-B560-A590606706B1}.Debug|Any CPU.ActiveCfg = Debug|Any CPU
		{E674CDD2-E5E3-468F-B560-A590606706B1}.Debug|Any CPU.Build.0 = Debug|Any CPU
		{E674CDD2-E5E3-468F-B560-A590606706B1}.Debug|Mixed Platforms.ActiveCfg = Debug|Any CPU
		{E674CDD2-E5E3-468F-B560-A590606706B1}.Debug|Mixed Platforms.Build.0 = Debug|Any CPU
		{E674CDD2-E5E3-468F-B560-A590606706B1}.Debug|x86.ActiveCfg = Debug|Any CPU
		{E674CDD2-E5E3-468F-B560-A590606706B1}.Release|Any CPU.ActiveCfg = Release|Any CPU
		{E674CDD2-E5E3-468F-B560-A590606706B1}.Release|Any CPU.Build.0 = Release|Any CPU
		{E674CDD2-E5E3-468F-B560-A590606706B1}.Release|Mixed Platforms.ActiveCfg = Release|Any CPU
		{E674CDD2-E5E3-468F-B560-A590606706B1}.Release|Mixed Platforms.Build.0 = Release|Any CPU
		{E674CDD2-E5E3-468F-B560-A590606706B1}.Release|x86.ActiveCfg = Release|Any CPU
		{3FEADFD5-A8B8-4276-9393-2050337B9A27}.Debug|Any CPU.ActiveCfg = Debug|Any CPU
		{3FEADFD5-A8B8-4276-9393-2050337B9A27}.Debug|Any CPU.Build.0 = Debug|Any CPU
		{3FEADFD5-A8B8-4276-9393-2050337B9A27}.Debug|Mixed Platforms.ActiveCfg = Debug|Any CPU
		{3FEADFD5-A8B8-4276-9393-2050337B9A27}.Debug|Mixed Platforms.Build.0 = Debug|Any CPU
		{3FEADFD5-A8B8-4276-9393-2050337B9A27}.Debug|x86.ActiveCfg = Debug|Any CPU
		{3FEADFD5-A8B8-4276-9393-2050337B9A27}.Release|Any CPU.ActiveCfg = Release|Any CPU
		{3FEADFD5-A8B8-4276-9393-2050337B9A27}.Release|Any CPU.Build.0 = Release|Any CPU
		{3FEADFD5-A8B8-4276-9393-2050337B9A27}.Release|Mixed Platforms.ActiveCfg = Release|Any CPU
		{3FEADFD5-A8B8-4276-9393-2050337B9A27}.Release|Mixed Platforms.Build.0 = Release|Any CPU
		{3FEADFD5-A8B8-4276-9393-2050337B9A27}.Release|x86.ActiveCfg = Release|Any CPU
		{527364C6-9C35-42DC-8D13-7A882B02111D}.Debug|Any CPU.ActiveCfg = Debug|Any CPU
		{527364C6-9C35-42DC-8D13-7A882B02111D}.Debug|Any CPU.Build.0 = Debug|Any CPU
		{527364C6-9C35-42DC-8D13-7A882B02111D}.Debug|Mixed Platforms.ActiveCfg = Debug|Any CPU
		{527364C6-9C35-42DC-8D13-7A882B02111D}.Debug|Mixed Platforms.Build.0 = Debug|Any CPU
		{527364C6-9C35-42DC-8D13-7A882B02111D}.Debug|x86.ActiveCfg = Debug|Any CPU
		{527364C6-9C35-42DC-8D13-7A882B02111D}.Release|Any CPU.ActiveCfg = Release|Any CPU
		{527364C6-9C35-42DC-8D13-7A882B02111D}.Release|Any CPU.Build.0 = Release|Any CPU
		{527364C6-9C35-42DC-8D13-7A882B02111D}.Release|Mixed Platforms.ActiveCfg = Release|Any CPU
		{527364C6-9C35-42DC-8D13-7A882B02111D}.Release|Mixed Platforms.Build.0 = Release|Any CPU
		{527364C6-9C35-42DC-8D13-7A882B02111D}.Release|x86.ActiveCfg = Release|Any CPU
		{C6A0745B-62F2-48DB-9ED3-C3A253BBD949}.Debug|Any CPU.ActiveCfg = Debug|Any CPU
		{C6A0745B-62F2-48DB-9ED3-C3A253BBD949}.Debug|Any CPU.Build.0 = Debug|Any CPU
		{C6A0745B-62F2-48DB-9ED3-C3A253BBD949}.Debug|Mixed Platforms.ActiveCfg = Debug|Any CPU
		{C6A0745B-62F2-48DB-9ED3-C3A253BBD949}.Debug|Mixed Platforms.Build.0 = Debug|Any CPU
		{C6A0745B-62F2-48DB-9ED3-C3A253BBD949}.Debug|x86.ActiveCfg = Debug|Any CPU
		{C6A0745B-62F2-48DB-9ED3-C3A253BBD949}.Release|Any CPU.ActiveCfg = Release|Any CPU
		{C6A0745B-62F2-48DB-9ED3-C3A253BBD949}.Release|Any CPU.Build.0 = Release|Any CPU
		{C6A0745B-62F2-48DB-9ED3-C3A253BBD949}.Release|Mixed Platforms.ActiveCfg = Release|Any CPU
		{C6A0745B-62F2-48DB-9ED3-C3A253BBD949}.Release|Mixed Platforms.Build.0 = Release|Any CPU
		{C6A0745B-62F2-48DB-9ED3-C3A253BBD949}.Release|x86.ActiveCfg = Release|Any CPU
		{E3C0D688-F8C9-4F3F-98A6-C54E289044FB}.Debug|Any CPU.ActiveCfg = Debug|Any CPU
		{E3C0D688-F8C9-4F3F-98A6-C54E289044FB}.Debug|Any CPU.Build.0 = Debug|Any CPU
		{E3C0D688-F8C9-4F3F-98A6-C54E289044FB}.Debug|Mixed Platforms.ActiveCfg = Debug|Any CPU
		{E3C0D688-F8C9-4F3F-98A6-C54E289044FB}.Debug|Mixed Platforms.Build.0 = Debug|Any CPU
		{E3C0D688-F8C9-4F3F-98A6-C54E289044FB}.Debug|x86.ActiveCfg = Debug|Any CPU
		{E3C0D688-F8C9-4F3F-98A6-C54E289044FB}.Release|Any CPU.ActiveCfg = Release|Any CPU
		{E3C0D688-F8C9-4F3F-98A6-C54E289044FB}.Release|Any CPU.Build.0 = Release|Any CPU
		{E3C0D688-F8C9-4F3F-98A6-C54E289044FB}.Release|Mixed Platforms.ActiveCfg = Release|Any CPU
		{E3C0D688-F8C9-4F3F-98A6-C54E289044FB}.Release|Mixed Platforms.Build.0 = Release|Any CPU
		{E3C0D688-F8C9-4F3F-98A6-C54E289044FB}.Release|x86.ActiveCfg = Release|Any CPU
		{EC3317E0-6A68-4E79-B484-84794ACFDEDD}.Debug|Any CPU.ActiveCfg = Debug|Any CPU
		{EC3317E0-6A68-4E79-B484-84794ACFDEDD}.Debug|Any CPU.Build.0 = Debug|Any CPU
		{EC3317E0-6A68-4E79-B484-84794ACFDEDD}.Debug|Mixed Platforms.ActiveCfg = Debug|Any CPU
		{EC3317E0-6A68-4E79-B484-84794ACFDEDD}.Debug|Mixed Platforms.Build.0 = Debug|Any CPU
		{EC3317E0-6A68-4E79-B484-84794ACFDEDD}.Debug|x86.ActiveCfg = Debug|Any CPU
		{EC3317E0-6A68-4E79-B484-84794ACFDEDD}.Release|Any CPU.ActiveCfg = Release|Any CPU
		{EC3317E0-6A68-4E79-B484-84794ACFDEDD}.Release|Any CPU.Build.0 = Release|Any CPU
		{EC3317E0-6A68-4E79-B484-84794ACFDEDD}.Release|Mixed Platforms.ActiveCfg = Release|Any CPU
		{EC3317E0-6A68-4E79-B484-84794ACFDEDD}.Release|Mixed Platforms.Build.0 = Release|Any CPU
		{EC3317E0-6A68-4E79-B484-84794ACFDEDD}.Release|x86.ActiveCfg = Release|Any CPU
		{0856F307-D9A3-4E93-B78D-D4E78E399DC1}.Debug|Any CPU.ActiveCfg = Debug|Any CPU
		{0856F307-D9A3-4E93-B78D-D4E78E399DC1}.Debug|Any CPU.Build.0 = Debug|Any CPU
		{0856F307-D9A3-4E93-B78D-D4E78E399DC1}.Debug|Mixed Platforms.ActiveCfg = Debug|Any CPU
		{0856F307-D9A3-4E93-B78D-D4E78E399DC1}.Debug|Mixed Platforms.Build.0 = Debug|Any CPU
		{0856F307-D9A3-4E93-B78D-D4E78E399DC1}.Debug|x86.ActiveCfg = Debug|Any CPU
		{0856F307-D9A3-4E93-B78D-D4E78E399DC1}.Release|Any CPU.ActiveCfg = Release|Any CPU
		{0856F307-D9A3-4E93-B78D-D4E78E399DC1}.Release|Any CPU.Build.0 = Release|Any CPU
		{0856F307-D9A3-4E93-B78D-D4E78E399DC1}.Release|Mixed Platforms.ActiveCfg = Release|Any CPU
		{0856F307-D9A3-4E93-B78D-D4E78E399DC1}.Release|Mixed Platforms.Build.0 = Release|Any CPU
		{0856F307-D9A3-4E93-B78D-D4E78E399DC1}.Release|x86.ActiveCfg = Release|Any CPU
		{3F672F59-B08F-490F-945B-3A651425F481}.Debug|Any CPU.ActiveCfg = Debug|Any CPU
		{3F672F59-B08F-490F-945B-3A651425F481}.Debug|Any CPU.Build.0 = Debug|Any CPU
		{3F672F59-B08F-490F-945B-3A651425F481}.Debug|Mixed Platforms.ActiveCfg = Debug|Any CPU
		{3F672F59-B08F-490F-945B-3A651425F481}.Debug|Mixed Platforms.Build.0 = Debug|Any CPU
		{3F672F59-B08F-490F-945B-3A651425F481}.Debug|x86.ActiveCfg = Debug|Any CPU
		{3F672F59-B08F-490F-945B-3A651425F481}.Release|Any CPU.ActiveCfg = Release|Any CPU
		{3F672F59-B08F-490F-945B-3A651425F481}.Release|Any CPU.Build.0 = Release|Any CPU
		{3F672F59-B08F-490F-945B-3A651425F481}.Release|Mixed Platforms.ActiveCfg = Release|Any CPU
		{3F672F59-B08F-490F-945B-3A651425F481}.Release|Mixed Platforms.Build.0 = Release|Any CPU
		{3F672F59-B08F-490F-945B-3A651425F481}.Release|x86.ActiveCfg = Release|Any CPU
		{67ADE1BF-0028-497B-A396-327012113B24}.Debug|Any CPU.ActiveCfg = Debug|Any CPU
		{67ADE1BF-0028-497B-A396-327012113B24}.Debug|Any CPU.Build.0 = Debug|Any CPU
		{67ADE1BF-0028-497B-A396-327012113B24}.Debug|Mixed Platforms.ActiveCfg = Debug|Any CPU
		{67ADE1BF-0028-497B-A396-327012113B24}.Debug|Mixed Platforms.Build.0 = Debug|Any CPU
		{67ADE1BF-0028-497B-A396-327012113B24}.Debug|x86.ActiveCfg = Debug|Any CPU
		{67ADE1BF-0028-497B-A396-327012113B24}.Release|Any CPU.ActiveCfg = Release|Any CPU
		{67ADE1BF-0028-497B-A396-327012113B24}.Release|Any CPU.Build.0 = Release|Any CPU
		{67ADE1BF-0028-497B-A396-327012113B24}.Release|Mixed Platforms.ActiveCfg = Release|Any CPU
		{67ADE1BF-0028-497B-A396-327012113B24}.Release|Mixed Platforms.Build.0 = Release|Any CPU
		{67ADE1BF-0028-497B-A396-327012113B24}.Release|x86.ActiveCfg = Release|Any CPU
		{B7FB703A-6BB2-4CF4-B819-B0F72F5DBE56}.Debug|Any CPU.ActiveCfg = Debug|Any CPU
		{B7FB703A-6BB2-4CF4-B819-B0F72F5DBE56}.Debug|Any CPU.Build.0 = Debug|Any CPU
		{B7FB703A-6BB2-4CF4-B819-B0F72F5DBE56}.Debug|Mixed Platforms.ActiveCfg = Debug|Any CPU
		{B7FB703A-6BB2-4CF4-B819-B0F72F5DBE56}.Debug|Mixed Platforms.Build.0 = Debug|Any CPU
		{B7FB703A-6BB2-4CF4-B819-B0F72F5DBE56}.Debug|x86.ActiveCfg = Debug|Any CPU
		{B7FB703A-6BB2-4CF4-B819-B0F72F5DBE56}.Release|Any CPU.ActiveCfg = Release|Any CPU
		{B7FB703A-6BB2-4CF4-B819-B0F72F5DBE56}.Release|Any CPU.Build.0 = Release|Any CPU
		{B7FB703A-6BB2-4CF4-B819-B0F72F5DBE56}.Release|Mixed Platforms.ActiveCfg = Release|Any CPU
		{B7FB703A-6BB2-4CF4-B819-B0F72F5DBE56}.Release|Mixed Platforms.Build.0 = Release|Any CPU
		{B7FB703A-6BB2-4CF4-B819-B0F72F5DBE56}.Release|x86.ActiveCfg = Release|Any CPU
		{11151ABF-A9F7-4A0B-BFDF-396A5EA52A6C}.Debug|Any CPU.ActiveCfg = Debug|Any CPU
		{11151ABF-A9F7-4A0B-BFDF-396A5EA52A6C}.Debug|Any CPU.Build.0 = Debug|Any CPU
		{11151ABF-A9F7-4A0B-BFDF-396A5EA52A6C}.Debug|Mixed Platforms.ActiveCfg = Debug|Any CPU
		{11151ABF-A9F7-4A0B-BFDF-396A5EA52A6C}.Debug|Mixed Platforms.Build.0 = Debug|Any CPU
		{11151ABF-A9F7-4A0B-BFDF-396A5EA52A6C}.Debug|x86.ActiveCfg = Debug|Any CPU
		{11151ABF-A9F7-4A0B-BFDF-396A5EA52A6C}.Release|Any CPU.ActiveCfg = Release|Any CPU
		{11151ABF-A9F7-4A0B-BFDF-396A5EA52A6C}.Release|Any CPU.Build.0 = Release|Any CPU
		{11151ABF-A9F7-4A0B-BFDF-396A5EA52A6C}.Release|Mixed Platforms.ActiveCfg = Release|Any CPU
		{11151ABF-A9F7-4A0B-BFDF-396A5EA52A6C}.Release|Mixed Platforms.Build.0 = Release|Any CPU
		{11151ABF-A9F7-4A0B-BFDF-396A5EA52A6C}.Release|x86.ActiveCfg = Release|Any CPU
		{269EA20D-B435-4D57-B98D-BF52D81EED87}.Debug|Any CPU.ActiveCfg = Debug|Any CPU
		{269EA20D-B435-4D57-B98D-BF52D81EED87}.Debug|Any CPU.Build.0 = Debug|Any CPU
		{269EA20D-B435-4D57-B98D-BF52D81EED87}.Debug|Mixed Platforms.ActiveCfg = Debug|Any CPU
		{269EA20D-B435-4D57-B98D-BF52D81EED87}.Debug|Mixed Platforms.Build.0 = Debug|Any CPU
		{269EA20D-B435-4D57-B98D-BF52D81EED87}.Debug|x86.ActiveCfg = Debug|Any CPU
		{269EA20D-B435-4D57-B98D-BF52D81EED87}.Release|Any CPU.ActiveCfg = Release|Any CPU
		{269EA20D-B435-4D57-B98D-BF52D81EED87}.Release|Any CPU.Build.0 = Release|Any CPU
		{269EA20D-B435-4D57-B98D-BF52D81EED87}.Release|Mixed Platforms.ActiveCfg = Release|Any CPU
		{269EA20D-B435-4D57-B98D-BF52D81EED87}.Release|Mixed Platforms.Build.0 = Release|Any CPU
		{269EA20D-B435-4D57-B98D-BF52D81EED87}.Release|x86.ActiveCfg = Release|Any CPU
		{110457BD-47F9-4650-99A4-8E0F543089A7}.Debug|Any CPU.ActiveCfg = Debug|Any CPU
		{110457BD-47F9-4650-99A4-8E0F543089A7}.Debug|Any CPU.Build.0 = Debug|Any CPU
		{110457BD-47F9-4650-99A4-8E0F543089A7}.Debug|Mixed Platforms.ActiveCfg = Debug|Any CPU
		{110457BD-47F9-4650-99A4-8E0F543089A7}.Debug|Mixed Platforms.Build.0 = Debug|Any CPU
		{110457BD-47F9-4650-99A4-8E0F543089A7}.Debug|x86.ActiveCfg = Debug|Any CPU
		{110457BD-47F9-4650-99A4-8E0F543089A7}.Release|Any CPU.ActiveCfg = Release|Any CPU
		{110457BD-47F9-4650-99A4-8E0F543089A7}.Release|Any CPU.Build.0 = Release|Any CPU
		{110457BD-47F9-4650-99A4-8E0F543089A7}.Release|Mixed Platforms.ActiveCfg = Release|Any CPU
		{110457BD-47F9-4650-99A4-8E0F543089A7}.Release|Mixed Platforms.Build.0 = Release|Any CPU
		{110457BD-47F9-4650-99A4-8E0F543089A7}.Release|x86.ActiveCfg = Release|Any CPU
		{C3E27878-2C34-430A-A090-F6FA5FD7A4B2}.Debug|Any CPU.ActiveCfg = Debug|Any CPU
		{C3E27878-2C34-430A-A090-F6FA5FD7A4B2}.Debug|Any CPU.Build.0 = Debug|Any CPU
		{C3E27878-2C34-430A-A090-F6FA5FD7A4B2}.Debug|Mixed Platforms.ActiveCfg = Debug|Any CPU
		{C3E27878-2C34-430A-A090-F6FA5FD7A4B2}.Debug|Mixed Platforms.Build.0 = Debug|Any CPU
		{C3E27878-2C34-430A-A090-F6FA5FD7A4B2}.Debug|x86.ActiveCfg = Debug|Any CPU
		{C3E27878-2C34-430A-A090-F6FA5FD7A4B2}.Release|Any CPU.ActiveCfg = Release|Any CPU
		{C3E27878-2C34-430A-A090-F6FA5FD7A4B2}.Release|Any CPU.Build.0 = Release|Any CPU
		{C3E27878-2C34-430A-A090-F6FA5FD7A4B2}.Release|Mixed Platforms.ActiveCfg = Release|Any CPU
		{C3E27878-2C34-430A-A090-F6FA5FD7A4B2}.Release|Mixed Platforms.Build.0 = Release|Any CPU
		{C3E27878-2C34-430A-A090-F6FA5FD7A4B2}.Release|x86.ActiveCfg = Release|Any CPU
		{589D78E4-3F28-4868-8C44-8667DD0A5DCA}.Debug|Any CPU.ActiveCfg = Debug|Any CPU
		{589D78E4-3F28-4868-8C44-8667DD0A5DCA}.Debug|Any CPU.Build.0 = Debug|Any CPU
		{589D78E4-3F28-4868-8C44-8667DD0A5DCA}.Debug|Mixed Platforms.ActiveCfg = Debug|Any CPU
		{589D78E4-3F28-4868-8C44-8667DD0A5DCA}.Debug|Mixed Platforms.Build.0 = Debug|Any CPU
		{589D78E4-3F28-4868-8C44-8667DD0A5DCA}.Debug|x86.ActiveCfg = Debug|Any CPU
		{589D78E4-3F28-4868-8C44-8667DD0A5DCA}.Release|Any CPU.ActiveCfg = Release|Any CPU
		{589D78E4-3F28-4868-8C44-8667DD0A5DCA}.Release|Any CPU.Build.0 = Release|Any CPU
		{589D78E4-3F28-4868-8C44-8667DD0A5DCA}.Release|Mixed Platforms.ActiveCfg = Release|Any CPU
		{589D78E4-3F28-4868-8C44-8667DD0A5DCA}.Release|Mixed Platforms.Build.0 = Release|Any CPU
		{589D78E4-3F28-4868-8C44-8667DD0A5DCA}.Release|x86.ActiveCfg = Release|Any CPU
		{FD717F1E-7FB4-43F9-9E93-45B07C546C55}.Debug|Any CPU.ActiveCfg = Debug|Any CPU
		{FD717F1E-7FB4-43F9-9E93-45B07C546C55}.Debug|Any CPU.Build.0 = Debug|Any CPU
		{FD717F1E-7FB4-43F9-9E93-45B07C546C55}.Debug|Mixed Platforms.ActiveCfg = Debug|Any CPU
		{FD717F1E-7FB4-43F9-9E93-45B07C546C55}.Debug|Mixed Platforms.Build.0 = Debug|Any CPU
		{FD717F1E-7FB4-43F9-9E93-45B07C546C55}.Debug|x86.ActiveCfg = Debug|Any CPU
		{FD717F1E-7FB4-43F9-9E93-45B07C546C55}.Release|Any CPU.ActiveCfg = Release|Any CPU
		{FD717F1E-7FB4-43F9-9E93-45B07C546C55}.Release|Any CPU.Build.0 = Release|Any CPU
		{FD717F1E-7FB4-43F9-9E93-45B07C546C55}.Release|Mixed Platforms.ActiveCfg = Release|Any CPU
		{FD717F1E-7FB4-43F9-9E93-45B07C546C55}.Release|Mixed Platforms.Build.0 = Release|Any CPU
		{FD717F1E-7FB4-43F9-9E93-45B07C546C55}.Release|x86.ActiveCfg = Release|Any CPU
		{2F402241-31FE-4112-83A5-8C11E608F175}.Debug|Any CPU.ActiveCfg = Debug|Any CPU
		{2F402241-31FE-4112-83A5-8C11E608F175}.Debug|Any CPU.Build.0 = Debug|Any CPU
		{2F402241-31FE-4112-83A5-8C11E608F175}.Debug|Mixed Platforms.ActiveCfg = Debug|Any CPU
		{2F402241-31FE-4112-83A5-8C11E608F175}.Debug|Mixed Platforms.Build.0 = Debug|Any CPU
		{2F402241-31FE-4112-83A5-8C11E608F175}.Debug|x86.ActiveCfg = Debug|Any CPU
		{2F402241-31FE-4112-83A5-8C11E608F175}.Release|Any CPU.ActiveCfg = Release|Any CPU
		{2F402241-31FE-4112-83A5-8C11E608F175}.Release|Any CPU.Build.0 = Release|Any CPU
		{2F402241-31FE-4112-83A5-8C11E608F175}.Release|Mixed Platforms.ActiveCfg = Release|Any CPU
		{2F402241-31FE-4112-83A5-8C11E608F175}.Release|Mixed Platforms.Build.0 = Release|Any CPU
		{2F402241-31FE-4112-83A5-8C11E608F175}.Release|x86.ActiveCfg = Release|Any CPU
		{35C9231A-80AD-4FA8-B4B1-F4A7BAF76047}.Debug|Any CPU.ActiveCfg = Debug|Any CPU
		{35C9231A-80AD-4FA8-B4B1-F4A7BAF76047}.Debug|Any CPU.Build.0 = Debug|Any CPU
		{35C9231A-80AD-4FA8-B4B1-F4A7BAF76047}.Debug|Mixed Platforms.ActiveCfg = Debug|Any CPU
		{35C9231A-80AD-4FA8-B4B1-F4A7BAF76047}.Debug|Mixed Platforms.Build.0 = Debug|Any CPU
		{35C9231A-80AD-4FA8-B4B1-F4A7BAF76047}.Debug|x86.ActiveCfg = Debug|Any CPU
		{35C9231A-80AD-4FA8-B4B1-F4A7BAF76047}.Release|Any CPU.ActiveCfg = Release|Any CPU
		{35C9231A-80AD-4FA8-B4B1-F4A7BAF76047}.Release|Any CPU.Build.0 = Release|Any CPU
		{35C9231A-80AD-4FA8-B4B1-F4A7BAF76047}.Release|Mixed Platforms.ActiveCfg = Release|Any CPU
		{35C9231A-80AD-4FA8-B4B1-F4A7BAF76047}.Release|Mixed Platforms.Build.0 = Release|Any CPU
		{35C9231A-80AD-4FA8-B4B1-F4A7BAF76047}.Release|x86.ActiveCfg = Release|Any CPU
		{3D24D757-B14A-4475-88B6-52AD5517B4E3}.Debug|Any CPU.ActiveCfg = Debug|Any CPU
		{3D24D757-B14A-4475-88B6-52AD5517B4E3}.Debug|Any CPU.Build.0 = Debug|Any CPU
		{3D24D757-B14A-4475-88B6-52AD5517B4E3}.Debug|Mixed Platforms.ActiveCfg = Debug|Any CPU
		{3D24D757-B14A-4475-88B6-52AD5517B4E3}.Debug|Mixed Platforms.Build.0 = Debug|Any CPU
		{3D24D757-B14A-4475-88B6-52AD5517B4E3}.Debug|x86.ActiveCfg = Debug|Any CPU
		{3D24D757-B14A-4475-88B6-52AD5517B4E3}.Release|Any CPU.ActiveCfg = Release|Any CPU
		{3D24D757-B14A-4475-88B6-52AD5517B4E3}.Release|Any CPU.Build.0 = Release|Any CPU
		{3D24D757-B14A-4475-88B6-52AD5517B4E3}.Release|Mixed Platforms.ActiveCfg = Release|Any CPU
		{3D24D757-B14A-4475-88B6-52AD5517B4E3}.Release|Mixed Platforms.Build.0 = Release|Any CPU
		{3D24D757-B14A-4475-88B6-52AD5517B4E3}.Release|x86.ActiveCfg = Release|Any CPU
		{D31CB576-02D6-4E7E-8FF1-B1DAB94C31D2}.Debug|Any CPU.ActiveCfg = Debug|Any CPU
		{D31CB576-02D6-4E7E-8FF1-B1DAB94C31D2}.Debug|Any CPU.Build.0 = Debug|Any CPU
		{D31CB576-02D6-4E7E-8FF1-B1DAB94C31D2}.Debug|Mixed Platforms.ActiveCfg = Debug|Any CPU
		{D31CB576-02D6-4E7E-8FF1-B1DAB94C31D2}.Debug|Mixed Platforms.Build.0 = Debug|Any CPU
		{D31CB576-02D6-4E7E-8FF1-B1DAB94C31D2}.Debug|x86.ActiveCfg = Debug|Any CPU
		{D31CB576-02D6-4E7E-8FF1-B1DAB94C31D2}.Release|Any CPU.ActiveCfg = Release|Any CPU
		{D31CB576-02D6-4E7E-8FF1-B1DAB94C31D2}.Release|Any CPU.Build.0 = Release|Any CPU
		{D31CB576-02D6-4E7E-8FF1-B1DAB94C31D2}.Release|Mixed Platforms.ActiveCfg = Release|Any CPU
		{D31CB576-02D6-4E7E-8FF1-B1DAB94C31D2}.Release|Mixed Platforms.Build.0 = Release|Any CPU
		{D31CB576-02D6-4E7E-8FF1-B1DAB94C31D2}.Release|x86.ActiveCfg = Release|Any CPU
		{AC672F96-1C74-422A-B19A-276C7681F9E9}.Debug|Any CPU.ActiveCfg = Debug|Any CPU
		{AC672F96-1C74-422A-B19A-276C7681F9E9}.Debug|Any CPU.Build.0 = Debug|Any CPU
		{AC672F96-1C74-422A-B19A-276C7681F9E9}.Debug|Mixed Platforms.ActiveCfg = Debug|Any CPU
		{AC672F96-1C74-422A-B19A-276C7681F9E9}.Debug|Mixed Platforms.Build.0 = Debug|Any CPU
		{AC672F96-1C74-422A-B19A-276C7681F9E9}.Debug|x86.ActiveCfg = Debug|Any CPU
		{AC672F96-1C74-422A-B19A-276C7681F9E9}.Release|Any CPU.ActiveCfg = Release|Any CPU
		{AC672F96-1C74-422A-B19A-276C7681F9E9}.Release|Any CPU.Build.0 = Release|Any CPU
		{AC672F96-1C74-422A-B19A-276C7681F9E9}.Release|Mixed Platforms.ActiveCfg = Release|Any CPU
		{AC672F96-1C74-422A-B19A-276C7681F9E9}.Release|Mixed Platforms.Build.0 = Release|Any CPU
		{AC672F96-1C74-422A-B19A-276C7681F9E9}.Release|x86.ActiveCfg = Release|Any CPU
		{A76578F2-BEC2-43F9-B228-E7A1A569424B}.Debug|Any CPU.ActiveCfg = Debug|Any CPU
		{A76578F2-BEC2-43F9-B228-E7A1A569424B}.Debug|Any CPU.Build.0 = Debug|Any CPU
		{A76578F2-BEC2-43F9-B228-E7A1A569424B}.Debug|Mixed Platforms.ActiveCfg = Debug|Any CPU
		{A76578F2-BEC2-43F9-B228-E7A1A569424B}.Debug|Mixed Platforms.Build.0 = Debug|Any CPU
		{A76578F2-BEC2-43F9-B228-E7A1A569424B}.Debug|x86.ActiveCfg = Debug|Any CPU
		{A76578F2-BEC2-43F9-B228-E7A1A569424B}.Release|Any CPU.ActiveCfg = Release|Any CPU
		{A76578F2-BEC2-43F9-B228-E7A1A569424B}.Release|Any CPU.Build.0 = Release|Any CPU
		{A76578F2-BEC2-43F9-B228-E7A1A569424B}.Release|Mixed Platforms.ActiveCfg = Release|Any CPU
		{A76578F2-BEC2-43F9-B228-E7A1A569424B}.Release|Mixed Platforms.Build.0 = Release|Any CPU
		{A76578F2-BEC2-43F9-B228-E7A1A569424B}.Release|x86.ActiveCfg = Release|Any CPU
		{B6B095C2-B828-410D-B063-3B982AE554DC}.Debug|Any CPU.ActiveCfg = Debug|Any CPU
		{B6B095C2-B828-410D-B063-3B982AE554DC}.Debug|Any CPU.Build.0 = Debug|Any CPU
		{B6B095C2-B828-410D-B063-3B982AE554DC}.Debug|Mixed Platforms.ActiveCfg = Debug|Any CPU
		{B6B095C2-B828-410D-B063-3B982AE554DC}.Debug|Mixed Platforms.Build.0 = Debug|Any CPU
		{B6B095C2-B828-410D-B063-3B982AE554DC}.Debug|x86.ActiveCfg = Debug|Any CPU
		{B6B095C2-B828-410D-B063-3B982AE554DC}.Release|Any CPU.ActiveCfg = Release|Any CPU
		{B6B095C2-B828-410D-B063-3B982AE554DC}.Release|Any CPU.Build.0 = Release|Any CPU
		{B6B095C2-B828-410D-B063-3B982AE554DC}.Release|Mixed Platforms.ActiveCfg = Release|Any CPU
		{B6B095C2-B828-410D-B063-3B982AE554DC}.Release|Mixed Platforms.Build.0 = Release|Any CPU
		{B6B095C2-B828-410D-B063-3B982AE554DC}.Release|x86.ActiveCfg = Release|Any CPU
		{72A914E6-4126-412F-96C6-6F3A1EC86829}.Debug|Any CPU.ActiveCfg = Debug|Any CPU
		{72A914E6-4126-412F-96C6-6F3A1EC86829}.Debug|Any CPU.Build.0 = Debug|Any CPU
		{72A914E6-4126-412F-96C6-6F3A1EC86829}.Debug|Mixed Platforms.ActiveCfg = Debug|Any CPU
		{72A914E6-4126-412F-96C6-6F3A1EC86829}.Debug|Mixed Platforms.Build.0 = Debug|Any CPU
		{72A914E6-4126-412F-96C6-6F3A1EC86829}.Debug|x86.ActiveCfg = Debug|Any CPU
		{72A914E6-4126-412F-96C6-6F3A1EC86829}.Release|Any CPU.ActiveCfg = Release|Any CPU
		{72A914E6-4126-412F-96C6-6F3A1EC86829}.Release|Any CPU.Build.0 = Release|Any CPU
		{72A914E6-4126-412F-96C6-6F3A1EC86829}.Release|Mixed Platforms.ActiveCfg = Release|Any CPU
		{72A914E6-4126-412F-96C6-6F3A1EC86829}.Release|Mixed Platforms.Build.0 = Release|Any CPU
		{72A914E6-4126-412F-96C6-6F3A1EC86829}.Release|x86.ActiveCfg = Release|Any CPU
		{E77337C0-A774-4F25-91F8-AB2050D63B18}.Debug|Any CPU.ActiveCfg = Debug|Any CPU
		{E77337C0-A774-4F25-91F8-AB2050D63B18}.Debug|Any CPU.Build.0 = Debug|Any CPU
		{E77337C0-A774-4F25-91F8-AB2050D63B18}.Debug|Mixed Platforms.ActiveCfg = Debug|Any CPU
		{E77337C0-A774-4F25-91F8-AB2050D63B18}.Debug|Mixed Platforms.Build.0 = Debug|Any CPU
		{E77337C0-A774-4F25-91F8-AB2050D63B18}.Debug|x86.ActiveCfg = Debug|Any CPU
		{E77337C0-A774-4F25-91F8-AB2050D63B18}.Release|Any CPU.ActiveCfg = Release|Any CPU
		{E77337C0-A774-4F25-91F8-AB2050D63B18}.Release|Any CPU.Build.0 = Release|Any CPU
		{E77337C0-A774-4F25-91F8-AB2050D63B18}.Release|Mixed Platforms.ActiveCfg = Release|Any CPU
		{E77337C0-A774-4F25-91F8-AB2050D63B18}.Release|Mixed Platforms.Build.0 = Release|Any CPU
		{E77337C0-A774-4F25-91F8-AB2050D63B18}.Release|x86.ActiveCfg = Release|Any CPU
		{C05A1B8E-8603-4AEF-98B7-BA6CBBDC176F}.Debug|Any CPU.ActiveCfg = Debug|Any CPU
		{C05A1B8E-8603-4AEF-98B7-BA6CBBDC176F}.Debug|Any CPU.Build.0 = Debug|Any CPU
		{C05A1B8E-8603-4AEF-98B7-BA6CBBDC176F}.Debug|Mixed Platforms.ActiveCfg = Debug|Any CPU
		{C05A1B8E-8603-4AEF-98B7-BA6CBBDC176F}.Debug|Mixed Platforms.Build.0 = Debug|Any CPU
		{C05A1B8E-8603-4AEF-98B7-BA6CBBDC176F}.Debug|x86.ActiveCfg = Debug|Any CPU
		{C05A1B8E-8603-4AEF-98B7-BA6CBBDC176F}.Release|Any CPU.ActiveCfg = Release|Any CPU
		{C05A1B8E-8603-4AEF-98B7-BA6CBBDC176F}.Release|Any CPU.Build.0 = Release|Any CPU
		{C05A1B8E-8603-4AEF-98B7-BA6CBBDC176F}.Release|Mixed Platforms.ActiveCfg = Release|Any CPU
		{C05A1B8E-8603-4AEF-98B7-BA6CBBDC176F}.Release|Mixed Platforms.Build.0 = Release|Any CPU
		{C05A1B8E-8603-4AEF-98B7-BA6CBBDC176F}.Release|x86.ActiveCfg = Release|Any CPU
		{DD2601EA-EA45-4EFC-9CE9-4EF283FD3A54}.Debug|Any CPU.ActiveCfg = Debug|Any CPU
		{DD2601EA-EA45-4EFC-9CE9-4EF283FD3A54}.Debug|Any CPU.Build.0 = Debug|Any CPU
		{DD2601EA-EA45-4EFC-9CE9-4EF283FD3A54}.Debug|Mixed Platforms.ActiveCfg = Debug|Any CPU
		{DD2601EA-EA45-4EFC-9CE9-4EF283FD3A54}.Debug|Mixed Platforms.Build.0 = Debug|Any CPU
		{DD2601EA-EA45-4EFC-9CE9-4EF283FD3A54}.Debug|x86.ActiveCfg = Debug|Any CPU
		{DD2601EA-EA45-4EFC-9CE9-4EF283FD3A54}.Release|Any CPU.ActiveCfg = Release|Any CPU
		{DD2601EA-EA45-4EFC-9CE9-4EF283FD3A54}.Release|Any CPU.Build.0 = Release|Any CPU
		{DD2601EA-EA45-4EFC-9CE9-4EF283FD3A54}.Release|Mixed Platforms.ActiveCfg = Release|Any CPU
		{DD2601EA-EA45-4EFC-9CE9-4EF283FD3A54}.Release|Mixed Platforms.Build.0 = Release|Any CPU
		{DD2601EA-EA45-4EFC-9CE9-4EF283FD3A54}.Release|x86.ActiveCfg = Release|Any CPU
		{4C8757D2-B436-44C7-95D9-7D2ECFEB0378}.Debug|Any CPU.ActiveCfg = Debug|Any CPU
		{4C8757D2-B436-44C7-95D9-7D2ECFEB0378}.Debug|Any CPU.Build.0 = Debug|Any CPU
		{4C8757D2-B436-44C7-95D9-7D2ECFEB0378}.Debug|Mixed Platforms.ActiveCfg = Debug|Any CPU
		{4C8757D2-B436-44C7-95D9-7D2ECFEB0378}.Debug|Mixed Platforms.Build.0 = Debug|Any CPU
		{4C8757D2-B436-44C7-95D9-7D2ECFEB0378}.Debug|x86.ActiveCfg = Debug|Any CPU
		{4C8757D2-B436-44C7-95D9-7D2ECFEB0378}.Release|Any CPU.ActiveCfg = Release|Any CPU
		{4C8757D2-B436-44C7-95D9-7D2ECFEB0378}.Release|Any CPU.Build.0 = Release|Any CPU
		{4C8757D2-B436-44C7-95D9-7D2ECFEB0378}.Release|Mixed Platforms.ActiveCfg = Release|Any CPU
		{4C8757D2-B436-44C7-95D9-7D2ECFEB0378}.Release|Mixed Platforms.Build.0 = Release|Any CPU
		{4C8757D2-B436-44C7-95D9-7D2ECFEB0378}.Release|x86.ActiveCfg = Release|Any CPU
		{64687642-9192-42F2-833F-44082EAB6601}.Debug|Any CPU.ActiveCfg = Debug|Any CPU
		{64687642-9192-42F2-833F-44082EAB6601}.Debug|Any CPU.Build.0 = Debug|Any CPU
		{64687642-9192-42F2-833F-44082EAB6601}.Debug|Mixed Platforms.ActiveCfg = Debug|Any CPU
		{64687642-9192-42F2-833F-44082EAB6601}.Debug|Mixed Platforms.Build.0 = Debug|Any CPU
		{64687642-9192-42F2-833F-44082EAB6601}.Debug|x86.ActiveCfg = Debug|Any CPU
		{64687642-9192-42F2-833F-44082EAB6601}.Release|Any CPU.ActiveCfg = Release|Any CPU
		{64687642-9192-42F2-833F-44082EAB6601}.Release|Any CPU.Build.0 = Release|Any CPU
		{64687642-9192-42F2-833F-44082EAB6601}.Release|Mixed Platforms.ActiveCfg = Release|Any CPU
		{64687642-9192-42F2-833F-44082EAB6601}.Release|Mixed Platforms.Build.0 = Release|Any CPU
		{64687642-9192-42F2-833F-44082EAB6601}.Release|x86.ActiveCfg = Release|Any CPU
		{97659CA2-8A19-4673-82BF-14B3112EE599}.Debug|Any CPU.ActiveCfg = Debug|Any CPU
		{97659CA2-8A19-4673-82BF-14B3112EE599}.Debug|Any CPU.Build.0 = Debug|Any CPU
		{97659CA2-8A19-4673-82BF-14B3112EE599}.Debug|Mixed Platforms.ActiveCfg = Debug|Any CPU
		{97659CA2-8A19-4673-82BF-14B3112EE599}.Debug|Mixed Platforms.Build.0 = Debug|Any CPU
		{97659CA2-8A19-4673-82BF-14B3112EE599}.Debug|x86.ActiveCfg = Debug|Any CPU
		{97659CA2-8A19-4673-82BF-14B3112EE599}.Release|Any CPU.ActiveCfg = Release|Any CPU
		{97659CA2-8A19-4673-82BF-14B3112EE599}.Release|Any CPU.Build.0 = Release|Any CPU
		{97659CA2-8A19-4673-82BF-14B3112EE599}.Release|Mixed Platforms.ActiveCfg = Release|Any CPU
		{97659CA2-8A19-4673-82BF-14B3112EE599}.Release|Mixed Platforms.Build.0 = Release|Any CPU
		{97659CA2-8A19-4673-82BF-14B3112EE599}.Release|x86.ActiveCfg = Release|Any CPU
		{5DAE4611-9520-41BE-9BAD-3E136AA84581}.Debug|Any CPU.ActiveCfg = Debug|Any CPU
		{5DAE4611-9520-41BE-9BAD-3E136AA84581}.Debug|Any CPU.Build.0 = Debug|Any CPU
		{5DAE4611-9520-41BE-9BAD-3E136AA84581}.Debug|Mixed Platforms.ActiveCfg = Debug|Any CPU
		{5DAE4611-9520-41BE-9BAD-3E136AA84581}.Debug|Mixed Platforms.Build.0 = Debug|Any CPU
		{5DAE4611-9520-41BE-9BAD-3E136AA84581}.Debug|x86.ActiveCfg = Debug|Any CPU
		{5DAE4611-9520-41BE-9BAD-3E136AA84581}.Release|Any CPU.ActiveCfg = Release|Any CPU
		{5DAE4611-9520-41BE-9BAD-3E136AA84581}.Release|Any CPU.Build.0 = Release|Any CPU
		{5DAE4611-9520-41BE-9BAD-3E136AA84581}.Release|Mixed Platforms.ActiveCfg = Release|Any CPU
		{5DAE4611-9520-41BE-9BAD-3E136AA84581}.Release|Mixed Platforms.Build.0 = Release|Any CPU
		{5DAE4611-9520-41BE-9BAD-3E136AA84581}.Release|x86.ActiveCfg = Release|Any CPU
		{ED0CF34F-0D8B-44D2-9554-EA495FD3C806}.Debug|Any CPU.ActiveCfg = Debug|Any CPU
		{ED0CF34F-0D8B-44D2-9554-EA495FD3C806}.Debug|Any CPU.Build.0 = Debug|Any CPU
		{ED0CF34F-0D8B-44D2-9554-EA495FD3C806}.Debug|Mixed Platforms.ActiveCfg = Debug|Any CPU
		{ED0CF34F-0D8B-44D2-9554-EA495FD3C806}.Debug|Mixed Platforms.Build.0 = Debug|Any CPU
		{ED0CF34F-0D8B-44D2-9554-EA495FD3C806}.Debug|x86.ActiveCfg = Debug|Any CPU
		{ED0CF34F-0D8B-44D2-9554-EA495FD3C806}.Release|Any CPU.ActiveCfg = Release|Any CPU
		{ED0CF34F-0D8B-44D2-9554-EA495FD3C806}.Release|Any CPU.Build.0 = Release|Any CPU
		{ED0CF34F-0D8B-44D2-9554-EA495FD3C806}.Release|Mixed Platforms.ActiveCfg = Release|Any CPU
		{ED0CF34F-0D8B-44D2-9554-EA495FD3C806}.Release|Mixed Platforms.Build.0 = Release|Any CPU
		{ED0CF34F-0D8B-44D2-9554-EA495FD3C806}.Release|x86.ActiveCfg = Release|Any CPU
		{675897FC-D095-4600-8646-809E546BF677}.Debug|Any CPU.ActiveCfg = Debug|Any CPU
		{675897FC-D095-4600-8646-809E546BF677}.Debug|Any CPU.Build.0 = Debug|Any CPU
		{675897FC-D095-4600-8646-809E546BF677}.Debug|Mixed Platforms.ActiveCfg = Debug|Any CPU
		{675897FC-D095-4600-8646-809E546BF677}.Debug|Mixed Platforms.Build.0 = Debug|Any CPU
		{675897FC-D095-4600-8646-809E546BF677}.Debug|x86.ActiveCfg = Debug|Any CPU
		{675897FC-D095-4600-8646-809E546BF677}.Release|Any CPU.ActiveCfg = Release|Any CPU
		{675897FC-D095-4600-8646-809E546BF677}.Release|Any CPU.Build.0 = Release|Any CPU
		{675897FC-D095-4600-8646-809E546BF677}.Release|Mixed Platforms.ActiveCfg = Release|Any CPU
		{675897FC-D095-4600-8646-809E546BF677}.Release|Mixed Platforms.Build.0 = Release|Any CPU
		{675897FC-D095-4600-8646-809E546BF677}.Release|x86.ActiveCfg = Release|Any CPU
		{EA796AB5-C6B7-43FC-9340-DEB68E82830E}.Debug|Any CPU.ActiveCfg = Debug|Any CPU
		{EA796AB5-C6B7-43FC-9340-DEB68E82830E}.Debug|Any CPU.Build.0 = Debug|Any CPU
		{EA796AB5-C6B7-43FC-9340-DEB68E82830E}.Debug|Mixed Platforms.ActiveCfg = Debug|Any CPU
		{EA796AB5-C6B7-43FC-9340-DEB68E82830E}.Debug|Mixed Platforms.Build.0 = Debug|Any CPU
		{EA796AB5-C6B7-43FC-9340-DEB68E82830E}.Debug|x86.ActiveCfg = Debug|Any CPU
		{EA796AB5-C6B7-43FC-9340-DEB68E82830E}.Release|Any CPU.ActiveCfg = Release|Any CPU
		{EA796AB5-C6B7-43FC-9340-DEB68E82830E}.Release|Any CPU.Build.0 = Release|Any CPU
		{EA796AB5-C6B7-43FC-9340-DEB68E82830E}.Release|Mixed Platforms.ActiveCfg = Release|Any CPU
		{EA796AB5-C6B7-43FC-9340-DEB68E82830E}.Release|Mixed Platforms.Build.0 = Release|Any CPU
		{EA796AB5-C6B7-43FC-9340-DEB68E82830E}.Release|x86.ActiveCfg = Release|Any CPU
		{3FF90859-65DF-4F30-B1A3-B712B861B6F8}.Debug|Any CPU.ActiveCfg = Debug|Any CPU
		{3FF90859-65DF-4F30-B1A3-B712B861B6F8}.Debug|Any CPU.Build.0 = Debug|Any CPU
		{3FF90859-65DF-4F30-B1A3-B712B861B6F8}.Debug|Mixed Platforms.ActiveCfg = Debug|Any CPU
		{3FF90859-65DF-4F30-B1A3-B712B861B6F8}.Debug|Mixed Platforms.Build.0 = Debug|Any CPU
		{3FF90859-65DF-4F30-B1A3-B712B861B6F8}.Debug|x86.ActiveCfg = Debug|Any CPU
		{3FF90859-65DF-4F30-B1A3-B712B861B6F8}.Release|Any CPU.ActiveCfg = Release|Any CPU
		{3FF90859-65DF-4F30-B1A3-B712B861B6F8}.Release|Any CPU.Build.0 = Release|Any CPU
		{3FF90859-65DF-4F30-B1A3-B712B861B6F8}.Release|Mixed Platforms.ActiveCfg = Release|Any CPU
		{3FF90859-65DF-4F30-B1A3-B712B861B6F8}.Release|Mixed Platforms.Build.0 = Release|Any CPU
		{3FF90859-65DF-4F30-B1A3-B712B861B6F8}.Release|x86.ActiveCfg = Release|Any CPU
		{DDBEC72C-80A3-481F-BDD7-0F20BF5FE8AF}.Debug|Any CPU.ActiveCfg = Debug|Any CPU
		{DDBEC72C-80A3-481F-BDD7-0F20BF5FE8AF}.Debug|Any CPU.Build.0 = Debug|Any CPU
		{DDBEC72C-80A3-481F-BDD7-0F20BF5FE8AF}.Debug|Mixed Platforms.ActiveCfg = Debug|Any CPU
		{DDBEC72C-80A3-481F-BDD7-0F20BF5FE8AF}.Debug|Mixed Platforms.Build.0 = Debug|Any CPU
		{DDBEC72C-80A3-481F-BDD7-0F20BF5FE8AF}.Debug|x86.ActiveCfg = Debug|Any CPU
		{DDBEC72C-80A3-481F-BDD7-0F20BF5FE8AF}.Release|Any CPU.ActiveCfg = Release|Any CPU
		{DDBEC72C-80A3-481F-BDD7-0F20BF5FE8AF}.Release|Any CPU.Build.0 = Release|Any CPU
		{DDBEC72C-80A3-481F-BDD7-0F20BF5FE8AF}.Release|Mixed Platforms.ActiveCfg = Release|Any CPU
		{DDBEC72C-80A3-481F-BDD7-0F20BF5FE8AF}.Release|Mixed Platforms.Build.0 = Release|Any CPU
		{DDBEC72C-80A3-481F-BDD7-0F20BF5FE8AF}.Release|x86.ActiveCfg = Release|Any CPU
		{6EAEC62C-8FE0-4C42-8E5F-9A6ACB86A0EB}.Debug|Any CPU.ActiveCfg = Debug|Any CPU
		{6EAEC62C-8FE0-4C42-8E5F-9A6ACB86A0EB}.Debug|Any CPU.Build.0 = Debug|Any CPU
		{6EAEC62C-8FE0-4C42-8E5F-9A6ACB86A0EB}.Debug|Mixed Platforms.ActiveCfg = Debug|Any CPU
		{6EAEC62C-8FE0-4C42-8E5F-9A6ACB86A0EB}.Debug|Mixed Platforms.Build.0 = Debug|Any CPU
		{6EAEC62C-8FE0-4C42-8E5F-9A6ACB86A0EB}.Debug|x86.ActiveCfg = Debug|Any CPU
		{6EAEC62C-8FE0-4C42-8E5F-9A6ACB86A0EB}.Release|Any CPU.ActiveCfg = Release|Any CPU
		{6EAEC62C-8FE0-4C42-8E5F-9A6ACB86A0EB}.Release|Any CPU.Build.0 = Release|Any CPU
		{6EAEC62C-8FE0-4C42-8E5F-9A6ACB86A0EB}.Release|Mixed Platforms.ActiveCfg = Release|Any CPU
		{6EAEC62C-8FE0-4C42-8E5F-9A6ACB86A0EB}.Release|Mixed Platforms.Build.0 = Release|Any CPU
		{6EAEC62C-8FE0-4C42-8E5F-9A6ACB86A0EB}.Release|x86.ActiveCfg = Release|Any CPU
		{31D63FDA-D908-4089-8D45-5A048F78FB90}.Debug|Any CPU.ActiveCfg = Debug|Any CPU
		{31D63FDA-D908-4089-8D45-5A048F78FB90}.Debug|Any CPU.Build.0 = Debug|Any CPU
		{31D63FDA-D908-4089-8D45-5A048F78FB90}.Debug|Mixed Platforms.ActiveCfg = Debug|Any CPU
		{31D63FDA-D908-4089-8D45-5A048F78FB90}.Debug|Mixed Platforms.Build.0 = Debug|Any CPU
		{31D63FDA-D908-4089-8D45-5A048F78FB90}.Debug|x86.ActiveCfg = Debug|Any CPU
		{31D63FDA-D908-4089-8D45-5A048F78FB90}.Release|Any CPU.ActiveCfg = Release|Any CPU
		{31D63FDA-D908-4089-8D45-5A048F78FB90}.Release|Any CPU.Build.0 = Release|Any CPU
		{31D63FDA-D908-4089-8D45-5A048F78FB90}.Release|Mixed Platforms.ActiveCfg = Release|Any CPU
		{31D63FDA-D908-4089-8D45-5A048F78FB90}.Release|Mixed Platforms.Build.0 = Release|Any CPU
		{31D63FDA-D908-4089-8D45-5A048F78FB90}.Release|x86.ActiveCfg = Release|Any CPU
		{44179E99-FC3E-4799-BE9F-7638B7EC4945}.Debug|Any CPU.ActiveCfg = Debug|Any CPU
		{44179E99-FC3E-4799-BE9F-7638B7EC4945}.Debug|Any CPU.Build.0 = Debug|Any CPU
		{44179E99-FC3E-4799-BE9F-7638B7EC4945}.Debug|Mixed Platforms.ActiveCfg = Debug|Any CPU
		{44179E99-FC3E-4799-BE9F-7638B7EC4945}.Debug|Mixed Platforms.Build.0 = Debug|Any CPU
		{44179E99-FC3E-4799-BE9F-7638B7EC4945}.Debug|x86.ActiveCfg = Debug|Any CPU
		{44179E99-FC3E-4799-BE9F-7638B7EC4945}.Release|Any CPU.ActiveCfg = Release|Any CPU
		{44179E99-FC3E-4799-BE9F-7638B7EC4945}.Release|Any CPU.Build.0 = Release|Any CPU
		{44179E99-FC3E-4799-BE9F-7638B7EC4945}.Release|Mixed Platforms.ActiveCfg = Release|Any CPU
		{44179E99-FC3E-4799-BE9F-7638B7EC4945}.Release|Mixed Platforms.Build.0 = Release|Any CPU
		{44179E99-FC3E-4799-BE9F-7638B7EC4945}.Release|x86.ActiveCfg = Release|Any CPU
		{CF8B63E0-7E23-44F4-89CE-1DF98D41A90A}.Debug|Any CPU.ActiveCfg = Debug|Any CPU
		{CF8B63E0-7E23-44F4-89CE-1DF98D41A90A}.Debug|Any CPU.Build.0 = Debug|Any CPU
		{CF8B63E0-7E23-44F4-89CE-1DF98D41A90A}.Debug|Mixed Platforms.ActiveCfg = Debug|Any CPU
		{CF8B63E0-7E23-44F4-89CE-1DF98D41A90A}.Debug|Mixed Platforms.Build.0 = Debug|Any CPU
		{CF8B63E0-7E23-44F4-89CE-1DF98D41A90A}.Debug|x86.ActiveCfg = Debug|Any CPU
		{CF8B63E0-7E23-44F4-89CE-1DF98D41A90A}.Release|Any CPU.ActiveCfg = Release|Any CPU
		{CF8B63E0-7E23-44F4-89CE-1DF98D41A90A}.Release|Any CPU.Build.0 = Release|Any CPU
		{CF8B63E0-7E23-44F4-89CE-1DF98D41A90A}.Release|Mixed Platforms.ActiveCfg = Release|Any CPU
		{CF8B63E0-7E23-44F4-89CE-1DF98D41A90A}.Release|Mixed Platforms.Build.0 = Release|Any CPU
		{CF8B63E0-7E23-44F4-89CE-1DF98D41A90A}.Release|x86.ActiveCfg = Release|Any CPU
		{A89E2DBB-0FCA-4C09-837C-1E02A0B8095E}.Debug|Any CPU.ActiveCfg = Debug|Any CPU
		{A89E2DBB-0FCA-4C09-837C-1E02A0B8095E}.Debug|Any CPU.Build.0 = Debug|Any CPU
		{A89E2DBB-0FCA-4C09-837C-1E02A0B8095E}.Debug|Mixed Platforms.ActiveCfg = Debug|Any CPU
		{A89E2DBB-0FCA-4C09-837C-1E02A0B8095E}.Debug|Mixed Platforms.Build.0 = Debug|Any CPU
		{A89E2DBB-0FCA-4C09-837C-1E02A0B8095E}.Debug|x86.ActiveCfg = Debug|Any CPU
		{A89E2DBB-0FCA-4C09-837C-1E02A0B8095E}.Release|Any CPU.ActiveCfg = Release|Any CPU
		{A89E2DBB-0FCA-4C09-837C-1E02A0B8095E}.Release|Any CPU.Build.0 = Release|Any CPU
		{A89E2DBB-0FCA-4C09-837C-1E02A0B8095E}.Release|Mixed Platforms.ActiveCfg = Release|Any CPU
		{A89E2DBB-0FCA-4C09-837C-1E02A0B8095E}.Release|Mixed Platforms.Build.0 = Release|Any CPU
		{A89E2DBB-0FCA-4C09-837C-1E02A0B8095E}.Release|x86.ActiveCfg = Release|Any CPU
		{9F5A74E6-8F0A-4A60-BF28-3938ABCBD1DB}.Debug|Any CPU.ActiveCfg = Debug|Any CPU
		{9F5A74E6-8F0A-4A60-BF28-3938ABCBD1DB}.Debug|Any CPU.Build.0 = Debug|Any CPU
		{9F5A74E6-8F0A-4A60-BF28-3938ABCBD1DB}.Debug|Mixed Platforms.ActiveCfg = Debug|Any CPU
		{9F5A74E6-8F0A-4A60-BF28-3938ABCBD1DB}.Debug|Mixed Platforms.Build.0 = Debug|Any CPU
		{9F5A74E6-8F0A-4A60-BF28-3938ABCBD1DB}.Debug|x86.ActiveCfg = Debug|Any CPU
		{9F5A74E6-8F0A-4A60-BF28-3938ABCBD1DB}.Release|Any CPU.ActiveCfg = Release|Any CPU
		{9F5A74E6-8F0A-4A60-BF28-3938ABCBD1DB}.Release|Any CPU.Build.0 = Release|Any CPU
		{9F5A74E6-8F0A-4A60-BF28-3938ABCBD1DB}.Release|Mixed Platforms.ActiveCfg = Release|Any CPU
		{9F5A74E6-8F0A-4A60-BF28-3938ABCBD1DB}.Release|Mixed Platforms.Build.0 = Release|Any CPU
		{9F5A74E6-8F0A-4A60-BF28-3938ABCBD1DB}.Release|x86.ActiveCfg = Release|Any CPU
		{9F8E6323-9ACC-45A5-9744-1DB9469EC3AD}.Debug|Any CPU.ActiveCfg = Debug|Any CPU
		{9F8E6323-9ACC-45A5-9744-1DB9469EC3AD}.Debug|Any CPU.Build.0 = Debug|Any CPU
		{9F8E6323-9ACC-45A5-9744-1DB9469EC3AD}.Debug|Mixed Platforms.ActiveCfg = Debug|Any CPU
		{9F8E6323-9ACC-45A5-9744-1DB9469EC3AD}.Debug|Mixed Platforms.Build.0 = Debug|Any CPU
		{9F8E6323-9ACC-45A5-9744-1DB9469EC3AD}.Debug|x86.ActiveCfg = Debug|Any CPU
		{9F8E6323-9ACC-45A5-9744-1DB9469EC3AD}.Release|Any CPU.ActiveCfg = Release|Any CPU
		{9F8E6323-9ACC-45A5-9744-1DB9469EC3AD}.Release|Any CPU.Build.0 = Release|Any CPU
		{9F8E6323-9ACC-45A5-9744-1DB9469EC3AD}.Release|Mixed Platforms.ActiveCfg = Release|Any CPU
		{9F8E6323-9ACC-45A5-9744-1DB9469EC3AD}.Release|Mixed Platforms.Build.0 = Release|Any CPU
		{9F8E6323-9ACC-45A5-9744-1DB9469EC3AD}.Release|x86.ActiveCfg = Release|Any CPU
		{5363C168-4AEC-47CC-94D5-FDB2883DBD54}.Debug|Any CPU.ActiveCfg = Debug|Any CPU
		{5363C168-4AEC-47CC-94D5-FDB2883DBD54}.Debug|Any CPU.Build.0 = Debug|Any CPU
		{5363C168-4AEC-47CC-94D5-FDB2883DBD54}.Debug|Mixed Platforms.ActiveCfg = Debug|Any CPU
		{5363C168-4AEC-47CC-94D5-FDB2883DBD54}.Debug|Mixed Platforms.Build.0 = Debug|Any CPU
		{5363C168-4AEC-47CC-94D5-FDB2883DBD54}.Debug|x86.ActiveCfg = Debug|Any CPU
		{5363C168-4AEC-47CC-94D5-FDB2883DBD54}.Release|Any CPU.ActiveCfg = Release|Any CPU
		{5363C168-4AEC-47CC-94D5-FDB2883DBD54}.Release|Any CPU.Build.0 = Release|Any CPU
		{5363C168-4AEC-47CC-94D5-FDB2883DBD54}.Release|Mixed Platforms.ActiveCfg = Release|Any CPU
		{5363C168-4AEC-47CC-94D5-FDB2883DBD54}.Release|Mixed Platforms.Build.0 = Release|Any CPU
		{5363C168-4AEC-47CC-94D5-FDB2883DBD54}.Release|x86.ActiveCfg = Release|Any CPU
		{803F2C3B-487F-4CD4-ABF7-29956F155874}.Debug|Any CPU.ActiveCfg = Debug|Any CPU
		{803F2C3B-487F-4CD4-ABF7-29956F155874}.Debug|Any CPU.Build.0 = Debug|Any CPU
		{803F2C3B-487F-4CD4-ABF7-29956F155874}.Debug|Mixed Platforms.ActiveCfg = Debug|Any CPU
		{803F2C3B-487F-4CD4-ABF7-29956F155874}.Debug|Mixed Platforms.Build.0 = Debug|Any CPU
		{803F2C3B-487F-4CD4-ABF7-29956F155874}.Debug|x86.ActiveCfg = Debug|Any CPU
		{803F2C3B-487F-4CD4-ABF7-29956F155874}.Release|Any CPU.ActiveCfg = Release|Any CPU
		{803F2C3B-487F-4CD4-ABF7-29956F155874}.Release|Any CPU.Build.0 = Release|Any CPU
		{803F2C3B-487F-4CD4-ABF7-29956F155874}.Release|Mixed Platforms.ActiveCfg = Release|Any CPU
		{803F2C3B-487F-4CD4-ABF7-29956F155874}.Release|Mixed Platforms.Build.0 = Release|Any CPU
		{803F2C3B-487F-4CD4-ABF7-29956F155874}.Release|x86.ActiveCfg = Release|Any CPU
		{E678C9CB-3C7B-4ECC-A15C-9A71A88264AA}.Debug|Any CPU.ActiveCfg = Debug|Any CPU
		{E678C9CB-3C7B-4ECC-A15C-9A71A88264AA}.Debug|Any CPU.Build.0 = Debug|Any CPU
		{E678C9CB-3C7B-4ECC-A15C-9A71A88264AA}.Debug|Mixed Platforms.ActiveCfg = Debug|Any CPU
		{E678C9CB-3C7B-4ECC-A15C-9A71A88264AA}.Debug|Mixed Platforms.Build.0 = Debug|Any CPU
		{E678C9CB-3C7B-4ECC-A15C-9A71A88264AA}.Debug|x86.ActiveCfg = Debug|Any CPU
		{E678C9CB-3C7B-4ECC-A15C-9A71A88264AA}.Release|Any CPU.ActiveCfg = Release|Any CPU
		{E678C9CB-3C7B-4ECC-A15C-9A71A88264AA}.Release|Any CPU.Build.0 = Release|Any CPU
		{E678C9CB-3C7B-4ECC-A15C-9A71A88264AA}.Release|Mixed Platforms.ActiveCfg = Release|Any CPU
		{E678C9CB-3C7B-4ECC-A15C-9A71A88264AA}.Release|Mixed Platforms.Build.0 = Release|Any CPU
		{E678C9CB-3C7B-4ECC-A15C-9A71A88264AA}.Release|x86.ActiveCfg = Release|Any CPU
		{D0C8BFA9-779D-408D-BEC9-D69B4E30DDCE}.Debug|Any CPU.ActiveCfg = Debug|Any CPU
		{D0C8BFA9-779D-408D-BEC9-D69B4E30DDCE}.Debug|Any CPU.Build.0 = Debug|Any CPU
		{D0C8BFA9-779D-408D-BEC9-D69B4E30DDCE}.Debug|Mixed Platforms.ActiveCfg = Debug|Any CPU
		{D0C8BFA9-779D-408D-BEC9-D69B4E30DDCE}.Debug|Mixed Platforms.Build.0 = Debug|Any CPU
		{D0C8BFA9-779D-408D-BEC9-D69B4E30DDCE}.Debug|x86.ActiveCfg = Debug|Any CPU
		{D0C8BFA9-779D-408D-BEC9-D69B4E30DDCE}.Release|Any CPU.ActiveCfg = Release|Any CPU
		{D0C8BFA9-779D-408D-BEC9-D69B4E30DDCE}.Release|Any CPU.Build.0 = Release|Any CPU
		{D0C8BFA9-779D-408D-BEC9-D69B4E30DDCE}.Release|Mixed Platforms.ActiveCfg = Release|Any CPU
		{D0C8BFA9-779D-408D-BEC9-D69B4E30DDCE}.Release|Mixed Platforms.Build.0 = Release|Any CPU
		{D0C8BFA9-779D-408D-BEC9-D69B4E30DDCE}.Release|x86.ActiveCfg = Release|Any CPU
		{F1AE82B6-758D-44FD-933F-30D499064ADD}.Debug|Any CPU.ActiveCfg = Debug|Any CPU
		{F1AE82B6-758D-44FD-933F-30D499064ADD}.Debug|Any CPU.Build.0 = Debug|Any CPU
		{F1AE82B6-758D-44FD-933F-30D499064ADD}.Debug|Mixed Platforms.ActiveCfg = Debug|Any CPU
		{F1AE82B6-758D-44FD-933F-30D499064ADD}.Debug|Mixed Platforms.Build.0 = Debug|Any CPU
		{F1AE82B6-758D-44FD-933F-30D499064ADD}.Debug|x86.ActiveCfg = Debug|Any CPU
		{F1AE82B6-758D-44FD-933F-30D499064ADD}.Release|Any CPU.ActiveCfg = Release|Any CPU
		{F1AE82B6-758D-44FD-933F-30D499064ADD}.Release|Any CPU.Build.0 = Release|Any CPU
		{F1AE82B6-758D-44FD-933F-30D499064ADD}.Release|Mixed Platforms.ActiveCfg = Release|Any CPU
		{F1AE82B6-758D-44FD-933F-30D499064ADD}.Release|Mixed Platforms.Build.0 = Release|Any CPU
		{F1AE82B6-758D-44FD-933F-30D499064ADD}.Release|x86.ActiveCfg = Release|Any CPU
		{125D0038-16AA-4B12-B47A-6DB1CE9AF2CF}.Debug|Any CPU.ActiveCfg = Debug|Any CPU
		{125D0038-16AA-4B12-B47A-6DB1CE9AF2CF}.Debug|Any CPU.Build.0 = Debug|Any CPU
		{125D0038-16AA-4B12-B47A-6DB1CE9AF2CF}.Debug|Mixed Platforms.ActiveCfg = Debug|Any CPU
		{125D0038-16AA-4B12-B47A-6DB1CE9AF2CF}.Debug|Mixed Platforms.Build.0 = Debug|Any CPU
		{125D0038-16AA-4B12-B47A-6DB1CE9AF2CF}.Debug|x86.ActiveCfg = Debug|Any CPU
		{125D0038-16AA-4B12-B47A-6DB1CE9AF2CF}.Release|Any CPU.ActiveCfg = Release|Any CPU
		{125D0038-16AA-4B12-B47A-6DB1CE9AF2CF}.Release|Any CPU.Build.0 = Release|Any CPU
		{125D0038-16AA-4B12-B47A-6DB1CE9AF2CF}.Release|Mixed Platforms.ActiveCfg = Release|Any CPU
		{125D0038-16AA-4B12-B47A-6DB1CE9AF2CF}.Release|Mixed Platforms.Build.0 = Release|Any CPU
		{125D0038-16AA-4B12-B47A-6DB1CE9AF2CF}.Release|x86.ActiveCfg = Release|Any CPU
		{71924749-D1B4-4028-A875-70C54E089D6B}.Debug|Any CPU.ActiveCfg = Debug|Any CPU
		{71924749-D1B4-4028-A875-70C54E089D6B}.Debug|Any CPU.Build.0 = Debug|Any CPU
		{71924749-D1B4-4028-A875-70C54E089D6B}.Debug|Mixed Platforms.ActiveCfg = Debug|Any CPU
		{71924749-D1B4-4028-A875-70C54E089D6B}.Debug|Mixed Platforms.Build.0 = Debug|Any CPU
		{71924749-D1B4-4028-A875-70C54E089D6B}.Debug|x86.ActiveCfg = Debug|Any CPU
		{71924749-D1B4-4028-A875-70C54E089D6B}.Release|Any CPU.ActiveCfg = Release|Any CPU
		{71924749-D1B4-4028-A875-70C54E089D6B}.Release|Any CPU.Build.0 = Release|Any CPU
		{71924749-D1B4-4028-A875-70C54E089D6B}.Release|Mixed Platforms.ActiveCfg = Release|Any CPU
		{71924749-D1B4-4028-A875-70C54E089D6B}.Release|Mixed Platforms.Build.0 = Release|Any CPU
		{71924749-D1B4-4028-A875-70C54E089D6B}.Release|x86.ActiveCfg = Release|Any CPU
		{78B5A8D6-D022-4C7E-8D0C-A6D4A9F5BC1D}.Debug|Any CPU.ActiveCfg = Debug|Any CPU
		{78B5A8D6-D022-4C7E-8D0C-A6D4A9F5BC1D}.Debug|Any CPU.Build.0 = Debug|Any CPU
		{78B5A8D6-D022-4C7E-8D0C-A6D4A9F5BC1D}.Debug|Mixed Platforms.ActiveCfg = Debug|Any CPU
		{78B5A8D6-D022-4C7E-8D0C-A6D4A9F5BC1D}.Debug|Mixed Platforms.Build.0 = Debug|Any CPU
		{78B5A8D6-D022-4C7E-8D0C-A6D4A9F5BC1D}.Debug|x86.ActiveCfg = Debug|Any CPU
		{78B5A8D6-D022-4C7E-8D0C-A6D4A9F5BC1D}.Release|Any CPU.ActiveCfg = Release|Any CPU
		{78B5A8D6-D022-4C7E-8D0C-A6D4A9F5BC1D}.Release|Any CPU.Build.0 = Release|Any CPU
		{78B5A8D6-D022-4C7E-8D0C-A6D4A9F5BC1D}.Release|Mixed Platforms.ActiveCfg = Release|Any CPU
		{78B5A8D6-D022-4C7E-8D0C-A6D4A9F5BC1D}.Release|Mixed Platforms.Build.0 = Release|Any CPU
		{78B5A8D6-D022-4C7E-8D0C-A6D4A9F5BC1D}.Release|x86.ActiveCfg = Release|Any CPU
		{45C7BADD-309E-4DC2-A199-78170EC95873}.Debug|Any CPU.ActiveCfg = Debug|Any CPU
		{45C7BADD-309E-4DC2-A199-78170EC95873}.Debug|Any CPU.Build.0 = Debug|Any CPU
		{45C7BADD-309E-4DC2-A199-78170EC95873}.Debug|Mixed Platforms.ActiveCfg = Debug|Any CPU
		{45C7BADD-309E-4DC2-A199-78170EC95873}.Debug|Mixed Platforms.Build.0 = Debug|Any CPU
		{45C7BADD-309E-4DC2-A199-78170EC95873}.Debug|x86.ActiveCfg = Debug|Any CPU
		{45C7BADD-309E-4DC2-A199-78170EC95873}.Release|Any CPU.ActiveCfg = Release|Any CPU
		{45C7BADD-309E-4DC2-A199-78170EC95873}.Release|Any CPU.Build.0 = Release|Any CPU
		{45C7BADD-309E-4DC2-A199-78170EC95873}.Release|Mixed Platforms.ActiveCfg = Release|Any CPU
		{45C7BADD-309E-4DC2-A199-78170EC95873}.Release|Mixed Platforms.Build.0 = Release|Any CPU
		{45C7BADD-309E-4DC2-A199-78170EC95873}.Release|x86.ActiveCfg = Release|Any CPU
		{1EB68391-2B88-41EB-8C9C-10DAF3182860}.Debug|Any CPU.ActiveCfg = Debug|Any CPU
		{1EB68391-2B88-41EB-8C9C-10DAF3182860}.Debug|Any CPU.Build.0 = Debug|Any CPU
		{1EB68391-2B88-41EB-8C9C-10DAF3182860}.Debug|Mixed Platforms.ActiveCfg = Debug|Any CPU
		{1EB68391-2B88-41EB-8C9C-10DAF3182860}.Debug|Mixed Platforms.Build.0 = Debug|Any CPU
		{1EB68391-2B88-41EB-8C9C-10DAF3182860}.Debug|x86.ActiveCfg = Debug|Any CPU
		{1EB68391-2B88-41EB-8C9C-10DAF3182860}.Release|Any CPU.ActiveCfg = Release|Any CPU
		{1EB68391-2B88-41EB-8C9C-10DAF3182860}.Release|Any CPU.Build.0 = Release|Any CPU
		{1EB68391-2B88-41EB-8C9C-10DAF3182860}.Release|Mixed Platforms.ActiveCfg = Release|Any CPU
		{1EB68391-2B88-41EB-8C9C-10DAF3182860}.Release|Mixed Platforms.Build.0 = Release|Any CPU
		{1EB68391-2B88-41EB-8C9C-10DAF3182860}.Release|x86.ActiveCfg = Release|Any CPU
		{C14C3C57-FB5D-439D-A702-98D3F8D6DB72}.Debug|Any CPU.ActiveCfg = Debug|Any CPU
		{C14C3C57-FB5D-439D-A702-98D3F8D6DB72}.Debug|Any CPU.Build.0 = Debug|Any CPU
		{C14C3C57-FB5D-439D-A702-98D3F8D6DB72}.Debug|Mixed Platforms.ActiveCfg = Debug|Any CPU
		{C14C3C57-FB5D-439D-A702-98D3F8D6DB72}.Debug|Mixed Platforms.Build.0 = Debug|Any CPU
		{C14C3C57-FB5D-439D-A702-98D3F8D6DB72}.Debug|x86.ActiveCfg = Debug|Any CPU
		{C14C3C57-FB5D-439D-A702-98D3F8D6DB72}.Release|Any CPU.ActiveCfg = Release|Any CPU
		{C14C3C57-FB5D-439D-A702-98D3F8D6DB72}.Release|Any CPU.Build.0 = Release|Any CPU
		{C14C3C57-FB5D-439D-A702-98D3F8D6DB72}.Release|Mixed Platforms.ActiveCfg = Release|Any CPU
		{C14C3C57-FB5D-439D-A702-98D3F8D6DB72}.Release|Mixed Platforms.Build.0 = Release|Any CPU
		{C14C3C57-FB5D-439D-A702-98D3F8D6DB72}.Release|x86.ActiveCfg = Release|Any CPU
		{C7B2A607-63C5-4DD7-B690-8D3DB75AE797}.Debug|Any CPU.ActiveCfg = Debug|Any CPU
		{C7B2A607-63C5-4DD7-B690-8D3DB75AE797}.Debug|Any CPU.Build.0 = Debug|Any CPU
		{C7B2A607-63C5-4DD7-B690-8D3DB75AE797}.Debug|Mixed Platforms.ActiveCfg = Debug|Any CPU
		{C7B2A607-63C5-4DD7-B690-8D3DB75AE797}.Debug|Mixed Platforms.Build.0 = Debug|Any CPU
		{C7B2A607-63C5-4DD7-B690-8D3DB75AE797}.Debug|x86.ActiveCfg = Debug|Any CPU
		{C7B2A607-63C5-4DD7-B690-8D3DB75AE797}.Release|Any CPU.ActiveCfg = Release|Any CPU
		{C7B2A607-63C5-4DD7-B690-8D3DB75AE797}.Release|Any CPU.Build.0 = Release|Any CPU
		{C7B2A607-63C5-4DD7-B690-8D3DB75AE797}.Release|Mixed Platforms.ActiveCfg = Release|Any CPU
		{C7B2A607-63C5-4DD7-B690-8D3DB75AE797}.Release|Mixed Platforms.Build.0 = Release|Any CPU
		{C7B2A607-63C5-4DD7-B690-8D3DB75AE797}.Release|x86.ActiveCfg = Release|Any CPU
		{FA002440-8C0F-499F-9360-A25210DBB8CC}.Debug|Any CPU.ActiveCfg = Debug|Any CPU
		{FA002440-8C0F-499F-9360-A25210DBB8CC}.Debug|Any CPU.Build.0 = Debug|Any CPU
		{FA002440-8C0F-499F-9360-A25210DBB8CC}.Debug|Mixed Platforms.ActiveCfg = Debug|Any CPU
		{FA002440-8C0F-499F-9360-A25210DBB8CC}.Debug|Mixed Platforms.Build.0 = Debug|Any CPU
		{FA002440-8C0F-499F-9360-A25210DBB8CC}.Debug|x86.ActiveCfg = Debug|Any CPU
		{FA002440-8C0F-499F-9360-A25210DBB8CC}.Release|Any CPU.ActiveCfg = Release|Any CPU
		{FA002440-8C0F-499F-9360-A25210DBB8CC}.Release|Any CPU.Build.0 = Release|Any CPU
		{FA002440-8C0F-499F-9360-A25210DBB8CC}.Release|Mixed Platforms.ActiveCfg = Release|Any CPU
		{FA002440-8C0F-499F-9360-A25210DBB8CC}.Release|Mixed Platforms.Build.0 = Release|Any CPU
		{FA002440-8C0F-499F-9360-A25210DBB8CC}.Release|x86.ActiveCfg = Release|Any CPU
		{23B356DE-EA93-4D75-9337-A59C6943DF74}.Debug|Any CPU.ActiveCfg = Debug|Any CPU
		{23B356DE-EA93-4D75-9337-A59C6943DF74}.Debug|Any CPU.Build.0 = Debug|Any CPU
		{23B356DE-EA93-4D75-9337-A59C6943DF74}.Debug|Mixed Platforms.ActiveCfg = Debug|Any CPU
		{23B356DE-EA93-4D75-9337-A59C6943DF74}.Debug|Mixed Platforms.Build.0 = Debug|Any CPU
		{23B356DE-EA93-4D75-9337-A59C6943DF74}.Debug|x86.ActiveCfg = Debug|Any CPU
		{23B356DE-EA93-4D75-9337-A59C6943DF74}.Release|Any CPU.ActiveCfg = Release|Any CPU
		{23B356DE-EA93-4D75-9337-A59C6943DF74}.Release|Any CPU.Build.0 = Release|Any CPU
		{23B356DE-EA93-4D75-9337-A59C6943DF74}.Release|Mixed Platforms.ActiveCfg = Release|Any CPU
		{23B356DE-EA93-4D75-9337-A59C6943DF74}.Release|Mixed Platforms.Build.0 = Release|Any CPU
		{23B356DE-EA93-4D75-9337-A59C6943DF74}.Release|x86.ActiveCfg = Release|Any CPU
		{ED171AE6-AF77-4B19-9D05-EB0D7F03A03C}.Debug|Any CPU.ActiveCfg = Debug|Any CPU
		{ED171AE6-AF77-4B19-9D05-EB0D7F03A03C}.Debug|Any CPU.Build.0 = Debug|Any CPU
		{ED171AE6-AF77-4B19-9D05-EB0D7F03A03C}.Debug|Mixed Platforms.ActiveCfg = Debug|Any CPU
		{ED171AE6-AF77-4B19-9D05-EB0D7F03A03C}.Debug|Mixed Platforms.Build.0 = Debug|Any CPU
		{ED171AE6-AF77-4B19-9D05-EB0D7F03A03C}.Debug|x86.ActiveCfg = Debug|Any CPU
		{ED171AE6-AF77-4B19-9D05-EB0D7F03A03C}.Release|Any CPU.ActiveCfg = Release|Any CPU
		{ED171AE6-AF77-4B19-9D05-EB0D7F03A03C}.Release|Any CPU.Build.0 = Release|Any CPU
		{ED171AE6-AF77-4B19-9D05-EB0D7F03A03C}.Release|Mixed Platforms.ActiveCfg = Release|Any CPU
		{ED171AE6-AF77-4B19-9D05-EB0D7F03A03C}.Release|Mixed Platforms.Build.0 = Release|Any CPU
		{ED171AE6-AF77-4B19-9D05-EB0D7F03A03C}.Release|x86.ActiveCfg = Release|Any CPU
		{96F8A1B9-75A2-45F5-B8D8-8F1A3CED5CA2}.Debug|Any CPU.ActiveCfg = Debug|Any CPU
		{96F8A1B9-75A2-45F5-B8D8-8F1A3CED5CA2}.Debug|Any CPU.Build.0 = Debug|Any CPU
		{96F8A1B9-75A2-45F5-B8D8-8F1A3CED5CA2}.Debug|Mixed Platforms.ActiveCfg = Debug|Any CPU
		{96F8A1B9-75A2-45F5-B8D8-8F1A3CED5CA2}.Debug|Mixed Platforms.Build.0 = Debug|Any CPU
		{96F8A1B9-75A2-45F5-B8D8-8F1A3CED5CA2}.Debug|x86.ActiveCfg = Debug|Any CPU
		{96F8A1B9-75A2-45F5-B8D8-8F1A3CED5CA2}.Release|Any CPU.ActiveCfg = Release|Any CPU
		{96F8A1B9-75A2-45F5-B8D8-8F1A3CED5CA2}.Release|Any CPU.Build.0 = Release|Any CPU
		{96F8A1B9-75A2-45F5-B8D8-8F1A3CED5CA2}.Release|Mixed Platforms.ActiveCfg = Release|Any CPU
		{96F8A1B9-75A2-45F5-B8D8-8F1A3CED5CA2}.Release|Mixed Platforms.Build.0 = Release|Any CPU
		{96F8A1B9-75A2-45F5-B8D8-8F1A3CED5CA2}.Release|x86.ActiveCfg = Release|Any CPU
		{C3AD7F30-E604-4B0F-A6F3-983254908EA7}.Debug|Any CPU.ActiveCfg = Debug|Any CPU
		{C3AD7F30-E604-4B0F-A6F3-983254908EA7}.Debug|Any CPU.Build.0 = Debug|Any CPU
		{C3AD7F30-E604-4B0F-A6F3-983254908EA7}.Debug|Mixed Platforms.ActiveCfg = Debug|Any CPU
		{C3AD7F30-E604-4B0F-A6F3-983254908EA7}.Debug|Mixed Platforms.Build.0 = Debug|Any CPU
		{C3AD7F30-E604-4B0F-A6F3-983254908EA7}.Debug|x86.ActiveCfg = Debug|Any CPU
		{C3AD7F30-E604-4B0F-A6F3-983254908EA7}.Release|Any CPU.ActiveCfg = Release|Any CPU
		{C3AD7F30-E604-4B0F-A6F3-983254908EA7}.Release|Any CPU.Build.0 = Release|Any CPU
		{C3AD7F30-E604-4B0F-A6F3-983254908EA7}.Release|Mixed Platforms.ActiveCfg = Release|Any CPU
		{C3AD7F30-E604-4B0F-A6F3-983254908EA7}.Release|Mixed Platforms.Build.0 = Release|Any CPU
		{C3AD7F30-E604-4B0F-A6F3-983254908EA7}.Release|x86.ActiveCfg = Release|Any CPU
		{A79AA3DF-D57A-4BDC-80CD-45FA24977492}.Debug|Any CPU.ActiveCfg = Debug|Any CPU
		{A79AA3DF-D57A-4BDC-80CD-45FA24977492}.Debug|Any CPU.Build.0 = Debug|Any CPU
		{A79AA3DF-D57A-4BDC-80CD-45FA24977492}.Debug|Mixed Platforms.ActiveCfg = Debug|Any CPU
		{A79AA3DF-D57A-4BDC-80CD-45FA24977492}.Debug|Mixed Platforms.Build.0 = Debug|Any CPU
		{A79AA3DF-D57A-4BDC-80CD-45FA24977492}.Debug|x86.ActiveCfg = Debug|Any CPU
		{A79AA3DF-D57A-4BDC-80CD-45FA24977492}.Release|Any CPU.ActiveCfg = Release|Any CPU
		{A79AA3DF-D57A-4BDC-80CD-45FA24977492}.Release|Any CPU.Build.0 = Release|Any CPU
		{A79AA3DF-D57A-4BDC-80CD-45FA24977492}.Release|Mixed Platforms.ActiveCfg = Release|Any CPU
		{A79AA3DF-D57A-4BDC-80CD-45FA24977492}.Release|Mixed Platforms.Build.0 = Release|Any CPU
		{A79AA3DF-D57A-4BDC-80CD-45FA24977492}.Release|x86.ActiveCfg = Release|Any CPU
		{A0D90D66-BAF1-4046-9385-FBF8B0D1F0E9}.Debug|Any CPU.ActiveCfg = Debug|x86
		{A0D90D66-BAF1-4046-9385-FBF8B0D1F0E9}.Debug|Mixed Platforms.ActiveCfg = Debug|x86
		{A0D90D66-BAF1-4046-9385-FBF8B0D1F0E9}.Debug|Mixed Platforms.Build.0 = Debug|x86
		{A0D90D66-BAF1-4046-9385-FBF8B0D1F0E9}.Debug|x86.ActiveCfg = Debug|x86
		{A0D90D66-BAF1-4046-9385-FBF8B0D1F0E9}.Debug|x86.Build.0 = Debug|x86
		{A0D90D66-BAF1-4046-9385-FBF8B0D1F0E9}.Release|Any CPU.ActiveCfg = Release|x86
		{A0D90D66-BAF1-4046-9385-FBF8B0D1F0E9}.Release|Mixed Platforms.ActiveCfg = Release|x86
		{A0D90D66-BAF1-4046-9385-FBF8B0D1F0E9}.Release|Mixed Platforms.Build.0 = Release|x86
		{A0D90D66-BAF1-4046-9385-FBF8B0D1F0E9}.Release|x86.ActiveCfg = Release|x86
		{A0D90D66-BAF1-4046-9385-FBF8B0D1F0E9}.Release|x86.Build.0 = Release|x86
	EndGlobalSection
	GlobalSection(SolutionProperties) = preSolution
		HideSolutionNode = FALSE
	EndGlobalSection
	GlobalSection(NestedProjects) = preSolution
		{56F695FA-E3CB-4A52-969C-DDD50699BB2E} = {2322E23E-21A8-422C-9805-F8934F8FBAAF}
		{2B711579-7195-4E5F-B5DB-031E5929117D} = {2322E23E-21A8-422C-9805-F8934F8FBAAF}
		{E48084D2-3CD4-4261-A60C-57DC10E4E32F} = {2322E23E-21A8-422C-9805-F8934F8FBAAF}
		{679A37A4-F974-4675-9DCF-39F797B760F2} = {2322E23E-21A8-422C-9805-F8934F8FBAAF}
		{049D1987-1A89-43C7-BC04-44308A634785} = {9F79754B-2FE5-433F-B515-1575156B171E}
		{1FDC5268-CD2A-469B-9E8A-B23DA34D5E7B} = {96074434-431F-4158-9BD3-1C1EAABC2883}
		{4A55193B-260D-4E3F-954B-A789DCEC4F75} = {96074434-431F-4158-9BD3-1C1EAABC2883}
		{DB38363E-38C8-4658-8CE3-8E9FFF1B11D5} = {96074434-431F-4158-9BD3-1C1EAABC2883}
		{A0D90D66-BAF1-4046-9385-FBF8B0D1F0E9} = {96074434-431F-4158-9BD3-1C1EAABC2883}
		{66AE8442-DEE6-44ED-AD5F-9DAF48AEBAD0} = {C6B25CDB-331B-4E79-B123-2FA2BE550DAF}
		{B7144C12-CB1E-4AB3-850A-CF0D014188BE} = {C6B25CDB-331B-4E79-B123-2FA2BE550DAF}
		{EC31641F-63AB-41CC-9127-6D7AF2086A16} = {DB38363E-38C8-4658-8CE3-8E9FFF1B11D5}
		{EF030E29-33C5-4BBE-BB8B-0875103DAF21} = {DB38363E-38C8-4658-8CE3-8E9FFF1B11D5}
		{613E69C9-28C6-48BE-93B3-B467347B7641} = {DB38363E-38C8-4658-8CE3-8E9FFF1B11D5}
		{E674CDD2-E5E3-468F-B560-A590606706B1} = {DB38363E-38C8-4658-8CE3-8E9FFF1B11D5}
		{3FEADFD5-A8B8-4276-9393-2050337B9A27} = {DB38363E-38C8-4658-8CE3-8E9FFF1B11D5}
		{527364C6-9C35-42DC-8D13-7A882B02111D} = {DB38363E-38C8-4658-8CE3-8E9FFF1B11D5}
		{C6A0745B-62F2-48DB-9ED3-C3A253BBD949} = {DB38363E-38C8-4658-8CE3-8E9FFF1B11D5}
		{E3C0D688-F8C9-4F3F-98A6-C54E289044FB} = {DB38363E-38C8-4658-8CE3-8E9FFF1B11D5}
		{EC3317E0-6A68-4E79-B484-84794ACFDEDD} = {DB38363E-38C8-4658-8CE3-8E9FFF1B11D5}
		{0856F307-D9A3-4E93-B78D-D4E78E399DC1} = {DB38363E-38C8-4658-8CE3-8E9FFF1B11D5}
		{3F672F59-B08F-490F-945B-3A651425F481} = {DB38363E-38C8-4658-8CE3-8E9FFF1B11D5}
		{67ADE1BF-0028-497B-A396-327012113B24} = {DB38363E-38C8-4658-8CE3-8E9FFF1B11D5}
		{B7FB703A-6BB2-4CF4-B819-B0F72F5DBE56} = {DB38363E-38C8-4658-8CE3-8E9FFF1B11D5}
		{11151ABF-A9F7-4A0B-BFDF-396A5EA52A6C} = {DB38363E-38C8-4658-8CE3-8E9FFF1B11D5}
		{269EA20D-B435-4D57-B98D-BF52D81EED87} = {DB38363E-38C8-4658-8CE3-8E9FFF1B11D5}
		{110457BD-47F9-4650-99A4-8E0F543089A7} = {DB38363E-38C8-4658-8CE3-8E9FFF1B11D5}
		{C3E27878-2C34-430A-A090-F6FA5FD7A4B2} = {DB38363E-38C8-4658-8CE3-8E9FFF1B11D5}
		{589D78E4-3F28-4868-8C44-8667DD0A5DCA} = {DB38363E-38C8-4658-8CE3-8E9FFF1B11D5}
		{FD717F1E-7FB4-43F9-9E93-45B07C546C55} = {DB38363E-38C8-4658-8CE3-8E9FFF1B11D5}
		{2F402241-31FE-4112-83A5-8C11E608F175} = {DB38363E-38C8-4658-8CE3-8E9FFF1B11D5}
		{35C9231A-80AD-4FA8-B4B1-F4A7BAF76047} = {DB38363E-38C8-4658-8CE3-8E9FFF1B11D5}
		{3D24D757-B14A-4475-88B6-52AD5517B4E3} = {DB38363E-38C8-4658-8CE3-8E9FFF1B11D5}
		{D31CB576-02D6-4E7E-8FF1-B1DAB94C31D2} = {DB38363E-38C8-4658-8CE3-8E9FFF1B11D5}
		{AC672F96-1C74-422A-B19A-276C7681F9E9} = {DB38363E-38C8-4658-8CE3-8E9FFF1B11D5}
		{A76578F2-BEC2-43F9-B228-E7A1A569424B} = {DB38363E-38C8-4658-8CE3-8E9FFF1B11D5}
		{B6B095C2-B828-410D-B063-3B982AE554DC} = {DB38363E-38C8-4658-8CE3-8E9FFF1B11D5}
		{72A914E6-4126-412F-96C6-6F3A1EC86829} = {DB38363E-38C8-4658-8CE3-8E9FFF1B11D5}
		{E77337C0-A774-4F25-91F8-AB2050D63B18} = {DB38363E-38C8-4658-8CE3-8E9FFF1B11D5}
		{C05A1B8E-8603-4AEF-98B7-BA6CBBDC176F} = {DB38363E-38C8-4658-8CE3-8E9FFF1B11D5}
		{DD2601EA-EA45-4EFC-9CE9-4EF283FD3A54} = {DB38363E-38C8-4658-8CE3-8E9FFF1B11D5}
		{4C8757D2-B436-44C7-95D9-7D2ECFEB0378} = {DB38363E-38C8-4658-8CE3-8E9FFF1B11D5}
		{64687642-9192-42F2-833F-44082EAB6601} = {DB38363E-38C8-4658-8CE3-8E9FFF1B11D5}
		{97659CA2-8A19-4673-82BF-14B3112EE599} = {DB38363E-38C8-4658-8CE3-8E9FFF1B11D5}
		{5DAE4611-9520-41BE-9BAD-3E136AA84581} = {DB38363E-38C8-4658-8CE3-8E9FFF1B11D5}
		{ED0CF34F-0D8B-44D2-9554-EA495FD3C806} = {DB38363E-38C8-4658-8CE3-8E9FFF1B11D5}
		{675897FC-D095-4600-8646-809E546BF677} = {DB38363E-38C8-4658-8CE3-8E9FFF1B11D5}
		{EA796AB5-C6B7-43FC-9340-DEB68E82830E} = {DB38363E-38C8-4658-8CE3-8E9FFF1B11D5}
		{3FF90859-65DF-4F30-B1A3-B712B861B6F8} = {DB38363E-38C8-4658-8CE3-8E9FFF1B11D5}
		{DDBEC72C-80A3-481F-BDD7-0F20BF5FE8AF} = {DB38363E-38C8-4658-8CE3-8E9FFF1B11D5}
		{6EAEC62C-8FE0-4C42-8E5F-9A6ACB86A0EB} = {DB38363E-38C8-4658-8CE3-8E9FFF1B11D5}
		{31D63FDA-D908-4089-8D45-5A048F78FB90} = {DB38363E-38C8-4658-8CE3-8E9FFF1B11D5}
		{44179E99-FC3E-4799-BE9F-7638B7EC4945} = {DB38363E-38C8-4658-8CE3-8E9FFF1B11D5}
		{CF8B63E0-7E23-44F4-89CE-1DF98D41A90A} = {DB38363E-38C8-4658-8CE3-8E9FFF1B11D5}
		{A89E2DBB-0FCA-4C09-837C-1E02A0B8095E} = {DB38363E-38C8-4658-8CE3-8E9FFF1B11D5}
		{9F5A74E6-8F0A-4A60-BF28-3938ABCBD1DB} = {DB38363E-38C8-4658-8CE3-8E9FFF1B11D5}
		{9F8E6323-9ACC-45A5-9744-1DB9469EC3AD} = {DB38363E-38C8-4658-8CE3-8E9FFF1B11D5}
		{5363C168-4AEC-47CC-94D5-FDB2883DBD54} = {DB38363E-38C8-4658-8CE3-8E9FFF1B11D5}
		{803F2C3B-487F-4CD4-ABF7-29956F155874} = {DB38363E-38C8-4658-8CE3-8E9FFF1B11D5}
		{E678C9CB-3C7B-4ECC-A15C-9A71A88264AA} = {DB38363E-38C8-4658-8CE3-8E9FFF1B11D5}
		{D0C8BFA9-779D-408D-BEC9-D69B4E30DDCE} = {DB38363E-38C8-4658-8CE3-8E9FFF1B11D5}
		{F1AE82B6-758D-44FD-933F-30D499064ADD} = {DB38363E-38C8-4658-8CE3-8E9FFF1B11D5}
		{125D0038-16AA-4B12-B47A-6DB1CE9AF2CF} = {DB38363E-38C8-4658-8CE3-8E9FFF1B11D5}
		{71924749-D1B4-4028-A875-70C54E089D6B} = {DB38363E-38C8-4658-8CE3-8E9FFF1B11D5}
		{78B5A8D6-D022-4C7E-8D0C-A6D4A9F5BC1D} = {DB38363E-38C8-4658-8CE3-8E9FFF1B11D5}
		{45C7BADD-309E-4DC2-A199-78170EC95873} = {DB38363E-38C8-4658-8CE3-8E9FFF1B11D5}
		{1EB68391-2B88-41EB-8C9C-10DAF3182860} = {DB38363E-38C8-4658-8CE3-8E9FFF1B11D5}
		{C14C3C57-FB5D-439D-A702-98D3F8D6DB72} = {DB38363E-38C8-4658-8CE3-8E9FFF1B11D5}
		{C7B2A607-63C5-4DD7-B690-8D3DB75AE797} = {DB38363E-38C8-4658-8CE3-8E9FFF1B11D5}
		{FA002440-8C0F-499F-9360-A25210DBB8CC} = {DB38363E-38C8-4658-8CE3-8E9FFF1B11D5}
		{23B356DE-EA93-4D75-9337-A59C6943DF74} = {DB38363E-38C8-4658-8CE3-8E9FFF1B11D5}
		{ED171AE6-AF77-4B19-9D05-EB0D7F03A03C} = {DB38363E-38C8-4658-8CE3-8E9FFF1B11D5}
		{96F8A1B9-75A2-45F5-B8D8-8F1A3CED5CA2} = {DB38363E-38C8-4658-8CE3-8E9FFF1B11D5}
		{C3AD7F30-E604-4B0F-A6F3-983254908EA7} = {DB38363E-38C8-4658-8CE3-8E9FFF1B11D5}
		{A79AA3DF-D57A-4BDC-80CD-45FA24977492} = {DB38363E-38C8-4658-8CE3-8E9FFF1B11D5}
	EndGlobalSection
EndGlobal
