
Microsoft Visual Studio Solution File, Format Version 12.00
# Visual Studio 2013
VisualStudioVersion = 12.0.21005.1
MinimumVisualStudioVersion = 10.0.40219.1
Project("{FAE04EC0-301F-11D3-BF4B-00C04F79EFBC}") = "Basic", "Basic\Basic.csproj", "{F8DA381F-B0A4-4D12-BFEF-7E620E4CEA78}"
EndProject
Project("{FAE04EC0-301F-11D3-BF4B-00C04F79EFBC}") = "ListExample1", "ListExample1\ListExample1.csproj", "{7DC6D4D8-138A-4375-B6D0-73F9AFE61434}"
EndProject
Project("{FAE04EC0-301F-11D3-BF4B-00C04F79EFBC}") = "ListExample2", "ListExample2\ListExample2.csproj", "{61EA900B-0011-400D-A25D-0CEB8EC9F382}"
EndProject
Project("{FAE04EC0-301F-11D3-BF4B-00C04F79EFBC}") = "WeakUpdateTest", "WeakUpdates\WeakUpdateTest.csproj", "{D76CB65D-4A8F-436E-96DF-6327D076B2C3}"
EndProject
Project("{FAE04EC0-301F-11D3-BF4B-00C04F79EFBC}") = "CastCheck", "CastCheck\CastCheck.csproj", "{44E2C46E-D9AA-49E4-93D1-184F42C95016}"
EndProject
Global
	GlobalSection(SolutionConfigurationPlatforms) = preSolution
		Debug|Any CPU = Debug|Any CPU
		Release|Any CPU = Release|Any CPU
	EndGlobalSection
	GlobalSection(ProjectConfigurationPlatforms) = postSolution
		{F8DA381F-B0A4-4D12-BFEF-7E620E4CEA78}.Debug|Any CPU.ActiveCfg = Debug|Any CPU
		{F8DA381F-B0A4-4D12-BFEF-7E620E4CEA78}.Debug|Any CPU.Build.0 = Debug|Any CPU
		{F8DA381F-B0A4-4D12-BFEF-7E620E4CEA78}.Release|Any CPU.ActiveCfg = Release|Any CPU
		{F8DA381F-B0A4-4D12-BFEF-7E620E4CEA78}.Release|Any CPU.Build.0 = Release|Any CPU
		{7DC6D4D8-138A-4375-B6D0-73F9AFE61434}.Debug|Any CPU.ActiveCfg = Debug|Any CPU
		{7DC6D4D8-138A-4375-B6D0-73F9AFE61434}.Debug|Any CPU.Build.0 = Debug|Any CPU
		{7DC6D4D8-138A-4375-B6D0-73F9AFE61434}.Release|Any CPU.ActiveCfg = Release|Any CPU
		{7DC6D4D8-138A-4375-B6D0-73F9AFE61434}.Release|Any CPU.Build.0 = Release|Any CPU
		{61EA900B-0011-400D-A25D-0CEB8EC9F382}.Debug|Any CPU.ActiveCfg = Debug|Any CPU
		{61EA900B-0011-400D-A25D-0CEB8EC9F382}.Debug|Any CPU.Build.0 = Debug|Any CPU
		{61EA900B-0011-400D-A25D-0CEB8EC9F382}.Release|Any CPU.ActiveCfg = Release|Any CPU
		{61EA900B-0011-400D-A25D-0CEB8EC9F382}.Release|Any CPU.Build.0 = Release|Any CPU
		{D76CB65D-4A8F-436E-96DF-6327D076B2C3}.Debug|Any CPU.ActiveCfg = Debug|Any CPU
		{D76CB65D-4A8F-436E-96DF-6327D076B2C3}.Debug|Any CPU.Build.0 = Debug|Any CPU
		{D76CB65D-4A8F-436E-96DF-6327D076B2C3}.Release|Any CPU.ActiveCfg = Release|Any CPU
		{D76CB65D-4A8F-436E-96DF-6327D076B2C3}.Release|Any CPU.Build.0 = Release|Any CPU
		{44E2C46E-D9AA-49E4-93D1-184F42C95016}.Debug|Any CPU.ActiveCfg = Debug|Any CPU
		{44E2C46E-D9AA-49E4-93D1-184F42C95016}.Debug|Any CPU.Build.0 = Debug|Any CPU
		{44E2C46E-D9AA-49E4-93D1-184F42C95016}.Release|Any CPU.ActiveCfg = Release|Any CPU
		{44E2C46E-D9AA-49E4-93D1-184F42C95016}.Release|Any CPU.Build.0 = Release|Any CPU
	EndGlobalSection
	GlobalSection(SolutionProperties) = preSolution
		HideSolutionNode = FALSE
	EndGlobalSection
EndGlobal
